{
  "version": 4,
  "terraform_version": "1.1.8",
  "serial": 919,
  "lineage": "663b1c2f-a569-3ae5-c4bd-27a21b207fa4",
  "outputs": {
    "cluster_endpoint": {
      "value": "https://713226CBE653901864CBF870E4BB5EEE.yl4.eu-south-1.eks.amazonaws.com",
      "type": "string"
    },
    "cluster_id": {
      "value": "example-cluster-M4efIXz0",
      "type": "string"
    },
    "cluster_name": {
      "value": "example-cluster-M4efIXz0",
      "type": "string"
    },
    "cluster_security_group_id": {
      "value": "sg-00f0ba6ee5ed744f6",
      "type": "string"
    },
    "config_map_aws_auth": {
      "value": [
        {
          "binary_data": {},
          "data": {
            "mapAccounts": "[]\n",
            "mapRoles": "- \"groups\":\n  - \"system:bootstrappers\"\n  - \"system:nodes\"\n  \"rolearn\": \"arn:aws:iam::923820784277:role/example-cluster-M4efIXz02022051707295507850000000e\"\n  \"username\": \"system:node:{{EC2PrivateDNSName}}\"\n",
            "mapUsers": "[]\n"
          },
          "id": "kube-system/aws-auth",
          "metadata": [
            {
              "annotations": {},
              "generate_name": "",
              "generation": 0,
              "labels": {
                "app.kubernetes.io/managed-by": "Terraform",
                "terraform.io/module": "terraform-aws-modules.eks.aws"
              },
              "name": "aws-auth",
              "namespace": "kube-system",
              "resource_version": "883",
              "uid": "718bf637-f98a-468d-b51c-b7a914d2b625"
            }
          ]
        }
      ],
      "type": [
        "tuple",
        [
          [
            "object",
            {
              "binary_data": ["map", "string"],
              "data": ["map", "string"],
              "id": "string",
              "metadata": [
                "list",
                [
                  "object",
                  {
                    "annotations": ["map", "string"],
                    "generate_name": "string",
                    "generation": "number",
                    "labels": ["map", "string"],
                    "name": "string",
                    "namespace": "string",
                    "resource_version": "string",
                    "uid": "string"
                  }
                ]
              ]
            }
          ]
        ]
      ]
    },
    "kubectl_config": {
      "value": "apiVersion: v1\npreferences: {}\nkind: Config\n\nclusters:\n- cluster:\n    server: https://713226CBE653901864CBF870E4BB5EEE.yl4.eu-south-1.eks.amazonaws.com\n    certificate-authority-data: LS0tLS1CRUdJTiBDRVJUSUZJQ0FURS0tLS0tCk1JSUMvakNDQWVhZ0F3SUJBZ0lCQURBTkJna3Foa2lHOXcwQkFRc0ZBREFWTVJNd0VRWURWUVFERXdwcmRXSmwKY201bGRHVnpNQjRYRFRJeU1EVXhOekEzTWpZeE5Gb1hEVE15TURVeE5EQTNNall4TkZvd0ZURVRNQkVHQTFVRQpBeE1LYTNWaVpYSnVaWFJsY3pDQ0FTSXdEUVlKS29aSWh2Y05BUUVCQlFBRGdnRVBBRENDQVFvQ2dnRUJBTGJFCjJhYmMzcDh0VlBNUjBqbUE3Vzlkbng3aUtkTURnbkNNSCt3K0c2U09ZTGxmYzBHWGU0cGVQRE5xV1dGNXFzR0IKbGVYL2tMWithdW1mZnFvelBIYTVGc0VwY3dYUjZQUS9CczRuelRMMDFsdlQzWDhPdWc4VVBqWExvUFIyZjRFeApidG1sWlNrOUZhdDBRT0lJYWtBRFdEMWhCTzZRaGRGUlVnVlJVWjFMcStYanlWaWFhVFg2eWFvVWZCOFpROGRzCmIwaWRCc0g1RzhXT1c4Z2dBQklCckdRMDVaeXA4ZUQyUDQ0eHpiakpZOWhqY0NHaTF2elpXekJHemZVZ3lSaUcKYzZCWjZLdjBmT3ZDRGFPV0JmOUZmK0F6T1NnaGo2MkVFZEd3WnEwUUhPTERlNXpGUGg0YmtKaXBNczNrVDVCSwpoSWtaUlNlUFpiS1AxMWFJUzk4Q0F3RUFBYU5aTUZjd0RnWURWUjBQQVFIL0JBUURBZ0trTUE4R0ExVWRFd0VCCi93UUZNQU1CQWY4d0hRWURWUjBPQkJZRUZGcXIvR2ZNMjBLUWc0blV1ZjN3cGduYTZpYlFNQlVHQTFVZEVRUU8KTUF5Q0NtdDFZbVZ5Ym1WMFpYTXdEUVlKS29aSWh2Y05BUUVMQlFBRGdnRUJBR3ZuVUxES29GNFg3bDNmUHBDagp6aFVSTXVLQUN6ZkZzVWg1SjQrSXp6TkNRZzFaTkNqVUtkM3A3aW9VWEhZOHBKRUkrUW8zRVFudDNRNGlQRU80CjdKMERBUWlnb3hudUIwUFd5dFgxMUNKb3o5Z0V3SjByUjJJK2JzQnAzVVlxbUs2blhSaXJLUW9yaUYxTkphWmgKbEZlWUdRcm9sZndsRmx3dVNKQVd0dkp6YlB0YW51RExEcmdaa0cyTCtpMzJJakxZVE9iYjJEalBxL3ozdm1Ibwp5RFJ1Zzg0ellkTGFpb05kRytIS1h3cFdISXJCV3pJNjBER2tvanUrVzhqUjJnQVlzS0dEZkZma2g3cFVNam4xCmEwUkxtWUJpOGhPRDNnY1U5MEJSZlBaQ0luTjAwUCt3cWRWd0sxS3BJY0paRzdrbmNBNSs1SGlNazBnR28wZUwKR0lnPQotLS0tLUVORCBDRVJUSUZJQ0FURS0tLS0tCg==\n  name: eks_example-cluster-M4efIXz0\n\ncontexts:\n- context:\n    cluster: eks_example-cluster-M4efIXz0\n    user: eks_example-cluster-M4efIXz0\n  name: eks_example-cluster-M4efIXz0\n\ncurrent-context: eks_example-cluster-M4efIXz0\n\nusers:\n- name: eks_example-cluster-M4efIXz0\n  user:\n    exec:\n      apiVersion: client.authentication.k8s.io/v1alpha1\n      command: aws-iam-authenticator\n      args:\n        - \"token\"\n        - \"-i\"\n        - \"example-cluster-M4efIXz0\"\n",
      "type": "string"
    },
    "region": {
      "value": "eu-south-1",
      "type": "string"
    }
  },
  "resources": [
    {
      "mode": "data",
      "type": "aws_availability_zones",
      "name": "available",
      "provider": "provider[\"registry.terraform.io/hashicorp/aws\"]",
      "instances": [
        {
          "schema_version": 0,
          "attributes": {
            "all_availability_zones": null,
            "exclude_names": null,
            "exclude_zone_ids": null,
            "filter": null,
            "group_names": ["eu-south-1"],
            "id": "eu-south-1",
            "names": ["eu-south-1a", "eu-south-1b", "eu-south-1c"],
            "state": null,
            "zone_ids": ["eus1-az1", "eus1-az2", "eus1-az3"]
          },
          "sensitive_attributes": []
        }
      ]
    },
    {
      "mode": "data",
      "type": "aws_eks_cluster",
      "name": "cluster",
      "provider": "provider[\"registry.terraform.io/hashicorp/aws\"]",
      "instances": [
        {
          "schema_version": 0,
          "attributes": {
            "arn": "arn:aws:eks:eu-south-1:923820784277:cluster/example-cluster-M4efIXz0",
            "certificate_authority": [
              {
                "data": "LS0tLS1CRUdJTiBDRVJUSUZJQ0FURS0tLS0tCk1JSUMvakNDQWVhZ0F3SUJBZ0lCQURBTkJna3Foa2lHOXcwQkFRc0ZBREFWTVJNd0VRWURWUVFERXdwcmRXSmwKY201bGRHVnpNQjRYRFRJeU1EVXhOekEzTWpZeE5Gb1hEVE15TURVeE5EQTNNall4TkZvd0ZURVRNQkVHQTFVRQpBeE1LYTNWaVpYSnVaWFJsY3pDQ0FTSXdEUVlKS29aSWh2Y05BUUVCQlFBRGdnRVBBRENDQVFvQ2dnRUJBTGJFCjJhYmMzcDh0VlBNUjBqbUE3Vzlkbng3aUtkTURnbkNNSCt3K0c2U09ZTGxmYzBHWGU0cGVQRE5xV1dGNXFzR0IKbGVYL2tMWithdW1mZnFvelBIYTVGc0VwY3dYUjZQUS9CczRuelRMMDFsdlQzWDhPdWc4VVBqWExvUFIyZjRFeApidG1sWlNrOUZhdDBRT0lJYWtBRFdEMWhCTzZRaGRGUlVnVlJVWjFMcStYanlWaWFhVFg2eWFvVWZCOFpROGRzCmIwaWRCc0g1RzhXT1c4Z2dBQklCckdRMDVaeXA4ZUQyUDQ0eHpiakpZOWhqY0NHaTF2elpXekJHemZVZ3lSaUcKYzZCWjZLdjBmT3ZDRGFPV0JmOUZmK0F6T1NnaGo2MkVFZEd3WnEwUUhPTERlNXpGUGg0YmtKaXBNczNrVDVCSwpoSWtaUlNlUFpiS1AxMWFJUzk4Q0F3RUFBYU5aTUZjd0RnWURWUjBQQVFIL0JBUURBZ0trTUE4R0ExVWRFd0VCCi93UUZNQU1CQWY4d0hRWURWUjBPQkJZRUZGcXIvR2ZNMjBLUWc0blV1ZjN3cGduYTZpYlFNQlVHQTFVZEVRUU8KTUF5Q0NtdDFZbVZ5Ym1WMFpYTXdEUVlKS29aSWh2Y05BUUVMQlFBRGdnRUJBR3ZuVUxES29GNFg3bDNmUHBDagp6aFVSTXVLQUN6ZkZzVWg1SjQrSXp6TkNRZzFaTkNqVUtkM3A3aW9VWEhZOHBKRUkrUW8zRVFudDNRNGlQRU80CjdKMERBUWlnb3hudUIwUFd5dFgxMUNKb3o5Z0V3SjByUjJJK2JzQnAzVVlxbUs2blhSaXJLUW9yaUYxTkphWmgKbEZlWUdRcm9sZndsRmx3dVNKQVd0dkp6YlB0YW51RExEcmdaa0cyTCtpMzJJakxZVE9iYjJEalBxL3ozdm1Ibwp5RFJ1Zzg0ellkTGFpb05kRytIS1h3cFdISXJCV3pJNjBER2tvanUrVzhqUjJnQVlzS0dEZkZma2g3cFVNam4xCmEwUkxtWUJpOGhPRDNnY1U5MEJSZlBaQ0luTjAwUCt3cWRWd0sxS3BJY0paRzdrbmNBNSs1SGlNazBnR28wZUwKR0lnPQotLS0tLUVORCBDRVJUSUZJQ0FURS0tLS0tCg=="
              }
            ],
            "created_at": "2022-05-17 07:21:44.941 +0000 UTC",
            "enabled_cluster_log_types": [],
            "endpoint": "https://713226CBE653901864CBF870E4BB5EEE.yl4.eu-south-1.eks.amazonaws.com",
            "id": "example-cluster-M4efIXz0",
            "identity": [
              {
                "oidc": [
                  {
                    "issuer": "https://oidc.eks.eu-south-1.amazonaws.com/id/713226CBE653901864CBF870E4BB5EEE"
                  }
                ]
              }
            ],
            "kubernetes_network_config": [
              {
                "ip_family": "ipv4",
                "service_ipv4_cidr": "172.20.0.0/16"
              }
            ],
            "name": "example-cluster-M4efIXz0",
            "platform_version": "eks.1",
            "role_arn": "arn:aws:iam::923820784277:role/example-cluster-M4efIXz020220517072140529400000002",
            "status": "ACTIVE",
            "tags": {},
            "version": "1.22",
            "vpc_config": [
              {
                "cluster_security_group_id": "sg-01cb08740ffcb9b70",
                "endpoint_private_access": false,
                "endpoint_public_access": true,
                "public_access_cidrs": ["0.0.0.0/0"],
                "security_group_ids": ["sg-00f0ba6ee5ed744f6"],
                "subnet_ids": [
                  "subnet-04a0665e8908ffe85",
                  "subnet-064e7475d70d8a445",
                  "subnet-09429771bdc21ca3f"
                ],
                "vpc_id": "vpc-065f0f082ab13a682"
              }
            ]
          },
          "sensitive_attributes": []
        }
      ]
    },
    {
      "mode": "data",
      "type": "aws_eks_cluster_auth",
      "name": "cluster",
      "provider": "provider[\"registry.terraform.io/hashicorp/aws\"]",
      "instances": [
        {
          "schema_version": 0,
          "attributes": {
            "id": "example-cluster-M4efIXz0",
            "name": "example-cluster-M4efIXz0",
            "token": "k8s-aws-v1.aHR0cHM6Ly9zdHMuZXUtc291dGgtMS5hbWF6b25hd3MuY29tLz9BY3Rpb249R2V0Q2FsbGVySWRlbnRpdHkmVmVyc2lvbj0yMDExLTA2LTE1JlgtQW16LUFsZ29yaXRobT1BV1M0LUhNQUMtU0hBMjU2JlgtQW16LUNyZWRlbnRpYWw9QUtJQTVPR0FDUEtLNVNNR09XT1glMkYyMDIyMDUzMCUyRmV1LXNvdXRoLTElMkZzdHMlMkZhd3M0X3JlcXVlc3QmWC1BbXotRGF0ZT0yMDIyMDUzMFQwOTIxNDhaJlgtQW16LUV4cGlyZXM9MCZYLUFtei1TaWduZWRIZWFkZXJzPWhvc3QlM0J4LWs4cy1hd3MtaWQmWC1BbXotU2lnbmF0dXJlPWZhOGIzYTRhYzUxOWMyYjA0YTBiNDJkODM4ZDRiNjM0OGFjNGZhNTRlYWE5ZThkMDJjZDNhY2MyMWY4MzA1MTQ"
          },
          "sensitive_attributes": []
        }
      ]
    },
    {
      "mode": "managed",
      "type": "aws_security_group",
      "name": "all_worker_mgmt",
      "provider": "provider[\"registry.terraform.io/hashicorp/aws\"]",
      "instances": [
        {
          "schema_version": 1,
          "attributes": {
            "arn": "arn:aws:ec2:eu-south-1:923820784277:security-group/sg-0d959d1646842cc67",
            "description": "Managed by Terraform",
            "egress": [],
            "id": "sg-0d959d1646842cc67",
            "ingress": [
              {
                "cidr_blocks": [
                  "10.0.0.0/8",
                  "172.16.0.0/12",
                  "192.168.0.0/16"
                ],
                "description": "",
                "from_port": 22,
                "ipv6_cidr_blocks": [],
                "prefix_list_ids": [],
                "protocol": "tcp",
                "security_groups": [],
                "self": false,
                "to_port": 22
              }
            ],
            "name": "all_worker_management20220517072140532100000006",
            "name_prefix": "all_worker_management",
            "owner_id": "923820784277",
            "revoke_rules_on_delete": false,
            "tags": {},
            "tags_all": {},
            "timeouts": null,
            "vpc_id": "vpc-065f0f082ab13a682"
          },
          "sensitive_attributes": [],
          "private": "eyJlMmJmYjczMC1lY2FhLTExZTYtOGY4OC0zNDM2M2JjN2M0YzAiOnsiY3JlYXRlIjo2MDAwMDAwMDAwMDAsImRlbGV0ZSI6OTAwMDAwMDAwMDAwfSwic2NoZW1hX3ZlcnNpb24iOiIxIn0=",
          "dependencies": ["module.vpc.aws_vpc.this", "random_string.suffix"]
        }
      ]
    },
    {
      "mode": "managed",
      "type": "aws_security_group",
      "name": "worker_group_mgmt_one",
      "provider": "provider[\"registry.terraform.io/hashicorp/aws\"]",
      "instances": [
        {
          "schema_version": 1,
          "attributes": {
            "arn": "arn:aws:ec2:eu-south-1:923820784277:security-group/sg-0cb45d86da278580a",
            "description": "Managed by Terraform",
            "egress": [],
            "id": "sg-0cb45d86da278580a",
            "ingress": [
              {
                "cidr_blocks": ["10.0.0.0/8"],
                "description": "",
                "from_port": 22,
                "ipv6_cidr_blocks": [],
                "prefix_list_ids": [],
                "protocol": "tcp",
                "security_groups": [],
                "self": false,
                "to_port": 22
              }
            ],
            "name": "worker_group_mgmt_one20220517072140530700000004",
            "name_prefix": "worker_group_mgmt_one",
            "owner_id": "923820784277",
            "revoke_rules_on_delete": false,
            "tags": {},
            "tags_all": {},
            "timeouts": null,
            "vpc_id": "vpc-065f0f082ab13a682"
          },
          "sensitive_attributes": [],
          "private": "eyJlMmJmYjczMC1lY2FhLTExZTYtOGY4OC0zNDM2M2JjN2M0YzAiOnsiY3JlYXRlIjo2MDAwMDAwMDAwMDAsImRlbGV0ZSI6OTAwMDAwMDAwMDAwfSwic2NoZW1hX3ZlcnNpb24iOiIxIn0=",
          "dependencies": ["module.vpc.aws_vpc.this", "random_string.suffix"],
          "create_before_destroy": true
        }
      ]
    },
    {
      "mode": "managed",
      "type": "aws_security_group",
      "name": "worker_group_mgmt_two",
      "provider": "provider[\"registry.terraform.io/hashicorp/aws\"]",
      "instances": [
        {
          "schema_version": 1,
          "attributes": {
            "arn": "arn:aws:ec2:eu-south-1:923820784277:security-group/sg-0f89a75f35c923b2c",
            "description": "Managed by Terraform",
            "egress": [],
            "id": "sg-0f89a75f35c923b2c",
            "ingress": [
              {
                "cidr_blocks": ["192.168.0.0/16"],
                "description": "",
                "from_port": 22,
                "ipv6_cidr_blocks": [],
                "prefix_list_ids": [],
                "protocol": "tcp",
                "security_groups": [],
                "self": false,
                "to_port": 22
              }
            ],
            "name": "worker_group_mgmt_two20220517072140532200000007",
            "name_prefix": "worker_group_mgmt_two",
            "owner_id": "923820784277",
            "revoke_rules_on_delete": false,
            "tags": {},
            "tags_all": {},
            "timeouts": null,
            "vpc_id": "vpc-065f0f082ab13a682"
          },
          "sensitive_attributes": [],
          "private": "eyJlMmJmYjczMC1lY2FhLTExZTYtOGY4OC0zNDM2M2JjN2M0YzAiOnsiY3JlYXRlIjo2MDAwMDAwMDAwMDAsImRlbGV0ZSI6OTAwMDAwMDAwMDAwfSwic2NoZW1hX3ZlcnNpb24iOiIxIn0=",
          "dependencies": ["module.vpc.aws_vpc.this", "random_string.suffix"],
          "create_before_destroy": true
        }
      ]
    },
    {
      "mode": "managed",
      "type": "random_string",
      "name": "suffix",
      "provider": "provider[\"registry.terraform.io/hashicorp/random\"]",
      "instances": [
        {
          "schema_version": 1,
          "attributes": {
            "id": "M4efIXz0",
            "keepers": null,
            "length": 8,
            "lower": true,
            "min_lower": 0,
            "min_numeric": 0,
            "min_special": 0,
            "min_upper": 0,
            "number": true,
            "override_special": null,
            "result": "M4efIXz0",
            "special": false,
            "upper": true
          },
          "sensitive_attributes": [],
          "private": "eyJzY2hlbWFfdmVyc2lvbiI6IjEifQ==",
          "create_before_destroy": true
        }
      ]
    },
    {
      "module": "module.eks",
      "mode": "data",
      "type": "aws_ami",
      "name": "eks_worker",
      "provider": "provider[\"registry.terraform.io/hashicorp/aws\"]",
      "instances": [
        {
          "index_key": 0,
          "schema_version": 0,
          "attributes": {
            "architecture": "x86_64",
            "arn": "arn:aws:ec2:eu-south-1::image/ami-0107843901f3c3b36",
            "block_device_mappings": [
              {
                "device_name": "/dev/xvda",
                "ebs": {
                  "delete_on_termination": "true",
                  "encrypted": "false",
                  "iops": "0",
                  "snapshot_id": "snap-059f948cb1f236383",
                  "throughput": "0",
                  "volume_size": "20",
                  "volume_type": "gp2"
                },
                "no_device": "",
                "virtual_name": ""
              }
            ],
            "boot_mode": "",
            "creation_date": "2022-05-27T00:05:54.000Z",
            "deprecation_time": "2024-05-27T00:05:54.000Z",
            "description": "EKS Kubernetes Worker AMI with AmazonLinux2 image, (k8s: 1.22.6, docker: 20.10.13-2.amzn2, containerd: 1.4.13-2.amzn2.0.1)",
            "ena_support": true,
            "executable_users": null,
            "filter": [
              {
                "name": "name",
                "values": ["amazon-eks-node-1.22-v*"]
              }
            ],
            "hypervisor": "xen",
            "id": "ami-0107843901f3c3b36",
            "image_id": "ami-0107843901f3c3b36",
            "image_location": "amazon/amazon-eks-node-1.22-v20220526",
            "image_owner_alias": "amazon",
            "image_type": "machine",
            "kernel_id": "",
            "most_recent": true,
            "name": "amazon-eks-node-1.22-v20220526",
            "name_regex": null,
            "owner_id": "590381155156",
            "owners": ["amazon"],
            "platform": "",
            "platform_details": "Linux/UNIX",
            "product_codes": [],
            "public": true,
            "ramdisk_id": "",
            "root_device_name": "/dev/xvda",
            "root_device_type": "ebs",
            "root_snapshot_id": "snap-059f948cb1f236383",
            "sriov_net_support": "simple",
            "state": "available",
            "state_reason": {
              "code": "UNSET",
              "message": "UNSET"
            },
            "tags": {},
            "usage_operation": "RunInstances",
            "virtualization_type": "hvm"
          },
          "sensitive_attributes": []
        }
      ]
    },
    {
      "module": "module.eks",
      "mode": "data",
      "type": "aws_caller_identity",
      "name": "current",
      "provider": "provider[\"registry.terraform.io/hashicorp/aws\"]",
      "instances": [
        {
          "schema_version": 0,
          "attributes": {
            "account_id": "923820784277",
            "arn": "arn:aws:iam::923820784277:user/TERRAFORM_EKS_EU_SOUTH_1",
            "id": "923820784277",
            "user_id": "AIDA5OGACPKKVMIE6S265"
          },
          "sensitive_attributes": []
        }
      ]
    },
    {
      "module": "module.eks",
      "mode": "data",
      "type": "aws_iam_policy_document",
      "name": "cluster_assume_role_policy",
      "provider": "provider[\"registry.terraform.io/hashicorp/aws\"]",
      "instances": [
        {
          "schema_version": 0,
          "attributes": {
            "id": "2764486067",
            "json": "{\n  \"Version\": \"2012-10-17\",\n  \"Statement\": [\n    {\n      \"Sid\": \"EKSClusterAssumeRole\",\n      \"Effect\": \"Allow\",\n      \"Action\": \"sts:AssumeRole\",\n      \"Principal\": {\n        \"Service\": \"eks.amazonaws.com\"\n      }\n    }\n  ]\n}",
            "override_json": null,
            "override_policy_documents": null,
            "policy_id": null,
            "source_json": null,
            "source_policy_documents": null,
            "statement": [
              {
                "actions": ["sts:AssumeRole"],
                "condition": [],
                "effect": "Allow",
                "not_actions": [],
                "not_principals": [],
                "not_resources": [],
                "principals": [
                  {
                    "identifiers": ["eks.amazonaws.com"],
                    "type": "Service"
                  }
                ],
                "resources": [],
                "sid": "EKSClusterAssumeRole"
              }
            ],
            "version": "2012-10-17"
          },
          "sensitive_attributes": []
        }
      ]
    },
    {
      "module": "module.eks",
      "mode": "data",
      "type": "aws_iam_policy_document",
      "name": "cluster_deny_log_group",
      "provider": "provider[\"registry.terraform.io/hashicorp/aws\"]",
      "instances": [
        {
          "index_key": 0,
          "schema_version": 0,
          "attributes": {
            "id": "2675893060",
            "json": "{\n  \"Version\": \"2012-10-17\",\n  \"Statement\": [\n    {\n      \"Sid\": \"\",\n      \"Effect\": \"Deny\",\n      \"Action\": \"logs:CreateLogGroup\",\n      \"Resource\": \"*\"\n    }\n  ]\n}",
            "override_json": null,
            "override_policy_documents": null,
            "policy_id": null,
            "source_json": null,
            "source_policy_documents": null,
            "statement": [
              {
                "actions": ["logs:CreateLogGroup"],
                "condition": [],
                "effect": "Deny",
                "not_actions": [],
                "not_principals": [],
                "not_resources": [],
                "principals": [],
                "resources": ["*"],
                "sid": ""
              }
            ],
            "version": "2012-10-17"
          },
          "sensitive_attributes": []
        }
      ]
    },
    {
      "module": "module.eks",
      "mode": "data",
      "type": "aws_iam_policy_document",
      "name": "cluster_elb_sl_role_creation",
      "provider": "provider[\"registry.terraform.io/hashicorp/aws\"]",
      "instances": [
        {
          "index_key": 0,
          "schema_version": 0,
          "attributes": {
            "id": "3709839417",
            "json": "{\n  \"Version\": \"2012-10-17\",\n  \"Statement\": [\n    {\n      \"Sid\": \"\",\n      \"Effect\": \"Allow\",\n      \"Action\": [\n        \"ec2:DescribeInternetGateways\",\n        \"ec2:DescribeAddresses\",\n        \"ec2:DescribeAccountAttributes\"\n      ],\n      \"Resource\": \"*\"\n    }\n  ]\n}",
            "override_json": null,
            "override_policy_documents": null,
            "policy_id": null,
            "source_json": null,
            "source_policy_documents": null,
            "statement": [
              {
                "actions": [
                  "ec2:DescribeAccountAttributes",
                  "ec2:DescribeAddresses",
                  "ec2:DescribeInternetGateways"
                ],
                "condition": [],
                "effect": "Allow",
                "not_actions": [],
                "not_principals": [],
                "not_resources": [],
                "principals": [],
                "resources": ["*"],
                "sid": ""
              }
            ],
            "version": "2012-10-17"
          },
          "sensitive_attributes": []
        }
      ]
    },
    {
      "module": "module.eks",
      "mode": "data",
      "type": "aws_iam_policy_document",
      "name": "workers_assume_role_policy",
      "provider": "provider[\"registry.terraform.io/hashicorp/aws\"]",
      "instances": [
        {
          "schema_version": 0,
          "attributes": {
            "id": "3778018924",
            "json": "{\n  \"Version\": \"2012-10-17\",\n  \"Statement\": [\n    {\n      \"Sid\": \"EKSWorkerAssumeRole\",\n      \"Effect\": \"Allow\",\n      \"Action\": \"sts:AssumeRole\",\n      \"Principal\": {\n        \"Service\": \"ec2.amazonaws.com\"\n      }\n    }\n  ]\n}",
            "override_json": null,
            "override_policy_documents": null,
            "policy_id": null,
            "source_json": null,
            "source_policy_documents": null,
            "statement": [
              {
                "actions": ["sts:AssumeRole"],
                "condition": [],
                "effect": "Allow",
                "not_actions": [],
                "not_principals": [],
                "not_resources": [],
                "principals": [
                  {
                    "identifiers": ["ec2.amazonaws.com"],
                    "type": "Service"
                  }
                ],
                "resources": [],
                "sid": "EKSWorkerAssumeRole"
              }
            ],
            "version": "2012-10-17"
          },
          "sensitive_attributes": []
        }
      ]
    },
    {
      "module": "module.eks",
      "mode": "data",
      "type": "aws_partition",
      "name": "current",
      "provider": "provider[\"registry.terraform.io/hashicorp/aws\"]",
      "instances": [
        {
          "schema_version": 0,
          "attributes": {
            "dns_suffix": "amazonaws.com",
            "id": "aws",
            "partition": "aws",
            "reverse_dns_prefix": "com.amazonaws"
          },
          "sensitive_attributes": []
        }
      ]
    },
    {
      "module": "module.eks",
      "mode": "data",
      "type": "http",
      "name": "wait_for_cluster",
      "provider": "provider[\"registry.terraform.io/terraform-aws-modules/http\"]",
      "instances": [
        {
          "index_key": 0,
          "schema_version": 0,
          "attributes": {
            "body": "ok",
            "ca_certificate": "-----BEGIN CERTIFICATE-----\nMIIC/jCCAeagAwIBAgIBADANBgkqhkiG9w0BAQsFADAVMRMwEQYDVQQDEwprdWJl\ncm5ldGVzMB4XDTIyMDUxNzA3MjYxNFoXDTMyMDUxNDA3MjYxNFowFTETMBEGA1UE\nAxMKa3ViZXJuZXRlczCCASIwDQYJKoZIhvcNAQEBBQADggEPADCCAQoCggEBALbE\n2abc3p8tVPMR0jmA7W9dnx7iKdMDgnCMH+w+G6SOYLlfc0GXe4pePDNqWWF5qsGB\nleX/kLZ+aumffqozPHa5FsEpcwXR6PQ/Bs4nzTL01lvT3X8Oug8UPjXLoPR2f4Ex\nbtmlZSk9Fat0QOIIakADWD1hBO6QhdFRUgVRUZ1Lq+XjyViaaTX6yaoUfB8ZQ8ds\nb0idBsH5G8WOW8ggABIBrGQ05Zyp8eD2P44xzbjJY9hjcCGi1vzZWzBGzfUgyRiG\nc6BZ6Kv0fOvCDaOWBf9Ff+AzOSghj62EEdGwZq0QHOLDe5zFPh4bkJipMs3kT5BK\nhIkZRSePZbKP11aIS98CAwEAAaNZMFcwDgYDVR0PAQH/BAQDAgKkMA8GA1UdEwEB\n/wQFMAMBAf8wHQYDVR0OBBYEFFqr/GfM20KQg4nUuf3wpgna6ibQMBUGA1UdEQQO\nMAyCCmt1YmVybmV0ZXMwDQYJKoZIhvcNAQELBQADggEBAGvnULDKoF4X7l3fPpCj\nzhURMuKACzfFsUh5J4+IzzNCQg1ZNCjUKd3p7ioUXHY8pJEI+Qo3EQnt3Q4iPEO4\n7J0DAQigoxnuB0PWytX11CJoz9gEwJ0rR2I+bsBp3UYqmK6nXRirKQoriF1NJaZh\nlFeYGQrolfwlFlwuSJAWtvJzbPtanuDLDrgZkG2L+i32IjLYTObb2DjPq/z3vmHo\nyDRug84zYdLaioNdG+HKXwpWHIrBWzI60DGkoju+W8jR2gAYsKGDfFfkh7pUMjn1\na0RLmYBi8hOD3gcU90BRfPZCInN00P+wqdVwK1KpIcJZG7kncA5+5HiMk0gGo0eL\nGIg=\n-----END CERTIFICATE-----\n",
            "id": "https://713226CBE653901864CBF870E4BB5EEE.yl4.eu-south-1.eks.amazonaws.com/healthz",
            "insecure": false,
            "request_headers": null,
            "response_headers": {
              "Audit-Id": "5f983b94-df3d-4b28-8b0f-403c6620033f",
              "Cache-Control": "no-cache, private",
              "Content-Length": "2",
              "Content-Type": "text/plain; charset=utf-8",
              "Date": "Mon, 30 May 2022 09:21:48 GMT",
              "X-Content-Type-Options": "nosniff",
              "X-Kubernetes-Pf-Flowschema-Uid": "daa0b386-4433-4775-b341-804765c53fff",
              "X-Kubernetes-Pf-Prioritylevel-Uid": "48c022cc-1220-457b-aaf1-3774e75f470a"
            },
            "timeout": 300,
            "url": "https://713226CBE653901864CBF870E4BB5EEE.yl4.eu-south-1.eks.amazonaws.com/healthz"
          },
          "sensitive_attributes": []
        }
      ]
    },
    {
      "module": "module.eks",
      "mode": "managed",
      "type": "aws_autoscaling_group",
      "name": "workers",
      "provider": "provider[\"registry.terraform.io/hashicorp/aws\"]",
      "instances": [
        {
          "index_key": 0,
          "schema_version": 0,
          "attributes": {
            "arn": "arn:aws:autoscaling:eu-south-1:923820784277:autoScalingGroup:4606d243-4980-44d0-bf0f-5c715b1ddb2f:autoScalingGroupName/example-cluster-M4efIXz0-worker-group-120220517072958708600000014",
            "availability_zones": ["eu-south-1a", "eu-south-1b", "eu-south-1c"],
            "capacity_rebalance": false,
            "default_cooldown": 300,
            "desired_capacity": 3,
            "enabled_metrics": [],
            "force_delete": false,
            "force_delete_warm_pool": false,
            "health_check_grace_period": 300,
            "health_check_type": "EC2",
            "id": "example-cluster-M4efIXz0-worker-group-120220517072958708600000014",
            "initial_lifecycle_hook": [],
            "instance_refresh": [],
            "launch_configuration": "example-cluster-M4efIXz0-worker-group-120220530092212825800000001",
            "launch_template": [],
            "load_balancers": [],
            "max_instance_lifetime": 0,
            "max_size": 3,
            "metrics_granularity": "1Minute",
            "min_elb_capacity": null,
            "min_size": 1,
            "mixed_instances_policy": [],
            "name": "example-cluster-M4efIXz0-worker-group-120220517072958708600000014",
            "name_prefix": "example-cluster-M4efIXz0-worker-group-1",
            "placement_group": "",
            "protect_from_scale_in": false,
            "service_linked_role_arn": "arn:aws:iam::923820784277:role/aws-service-role/autoscaling.amazonaws.com/AWSServiceRoleForAutoScaling",
            "suspended_processes": ["AZRebalance"],
            "tag": [
              {
                "key": "Name",
                "propagate_at_launch": true,
                "value": "example-cluster-M4efIXz0-worker-group-1-eks_asg"
              },
              {
                "key": "k8s.io/cluster/example-cluster-M4efIXz0",
                "propagate_at_launch": true,
                "value": "owned"
              },
              {
                "key": "kubernetes.io/cluster/example-cluster-M4efIXz0",
                "propagate_at_launch": true,
                "value": "owned"
              }
            ],
            "tags": null,
            "target_group_arns": [],
            "termination_policies": [],
            "timeouts": null,
            "vpc_zone_identifier": [
              "subnet-04a0665e8908ffe85",
              "subnet-064e7475d70d8a445",
              "subnet-09429771bdc21ca3f"
            ],
            "wait_for_capacity_timeout": "10m",
            "wait_for_elb_capacity": null,
            "warm_pool": []
          },
          "sensitive_attributes": [],
          "private": "eyJlMmJmYjczMC1lY2FhLTExZTYtOGY4OC0zNDM2M2JjN2M0YzAiOnsiZGVsZXRlIjo2MDAwMDAwMDAwMDB9fQ==",
          "dependencies": [
            "aws_security_group.worker_group_mgmt_one",
            "aws_security_group.worker_group_mgmt_two",
            "module.eks.aws_eks_cluster.this",
            "module.eks.aws_iam_instance_profile.workers",
            "module.eks.aws_iam_role_policy_attachment.workers_AmazonEC2ContainerRegistryReadOnly",
            "module.eks.aws_iam_role_policy_attachment.workers_AmazonEKSWorkerNodePolicy",
            "module.eks.aws_iam_role_policy_attachment.workers_AmazonEKS_CNI_Policy",
            "module.eks.aws_iam_role_policy_attachment.workers_additional_policies",
            "module.eks.aws_launch_configuration.workers",
            "module.eks.aws_security_group.workers",
            "module.eks.aws_security_group_rule.cluster_primary_ingress_workers",
            "module.eks.aws_security_group_rule.workers_egress_internet",
            "module.eks.aws_security_group_rule.workers_ingress_cluster",
            "module.eks.aws_security_group_rule.workers_ingress_cluster_https",
            "module.eks.aws_security_group_rule.workers_ingress_cluster_kubelet",
            "module.eks.aws_security_group_rule.workers_ingress_cluster_primary",
            "module.eks.aws_security_group_rule.workers_ingress_self",
            "module.eks.data.aws_ami.eks_worker",
            "module.eks.data.aws_ami.eks_worker_windows",
            "module.eks.data.aws_iam_instance_profile.custom_worker_group_iam_instance_profile",
            "module.vpc.aws_subnet.private"
          ],
          "create_before_destroy": true
        },
        {
          "index_key": 1,
          "schema_version": 0,
          "attributes": {
            "arn": "arn:aws:autoscaling:eu-south-1:923820784277:autoScalingGroup:c7db8f4c-05b8-4c9f-b17c-414b92f86b4a:autoScalingGroupName/example-cluster-M4efIXz0-worker-group-220220526192346114300000004",
            "availability_zones": ["eu-south-1a", "eu-south-1b", "eu-south-1c"],
            "capacity_rebalance": false,
            "default_cooldown": 300,
            "desired_capacity": 2,
            "enabled_metrics": [],
            "force_delete": false,
            "force_delete_warm_pool": false,
            "health_check_grace_period": 300,
            "health_check_type": "EC2",
            "id": "example-cluster-M4efIXz0-worker-group-220220526192346114300000004",
            "initial_lifecycle_hook": [],
            "instance_refresh": [],
            "launch_configuration": "example-cluster-M4efIXz0-worker-group-220220530092212826200000002",
            "launch_template": [],
            "load_balancers": [],
            "max_instance_lifetime": 0,
            "max_size": 3,
            "metrics_granularity": "1Minute",
            "min_elb_capacity": null,
            "min_size": 1,
            "mixed_instances_policy": [],
            "name": "example-cluster-M4efIXz0-worker-group-220220526192346114300000004",
            "name_prefix": "example-cluster-M4efIXz0-worker-group-2",
            "placement_group": "",
            "protect_from_scale_in": false,
            "service_linked_role_arn": "arn:aws:iam::923820784277:role/aws-service-role/autoscaling.amazonaws.com/AWSServiceRoleForAutoScaling",
            "suspended_processes": ["AZRebalance"],
            "tag": [
              {
                "key": "Name",
                "propagate_at_launch": true,
                "value": "example-cluster-M4efIXz0-worker-group-2-eks_asg"
              },
              {
                "key": "k8s.io/cluster/example-cluster-M4efIXz0",
                "propagate_at_launch": true,
                "value": "owned"
              },
              {
                "key": "kubernetes.io/cluster/example-cluster-M4efIXz0",
                "propagate_at_launch": true,
                "value": "owned"
              }
            ],
            "tags": null,
            "target_group_arns": [],
            "termination_policies": [],
            "timeouts": null,
            "vpc_zone_identifier": [
              "subnet-04a0665e8908ffe85",
              "subnet-064e7475d70d8a445",
              "subnet-09429771bdc21ca3f"
            ],
            "wait_for_capacity_timeout": "10m",
            "wait_for_elb_capacity": null,
            "warm_pool": []
          },
          "sensitive_attributes": [],
          "private": "eyJlMmJmYjczMC1lY2FhLTExZTYtOGY4OC0zNDM2M2JjN2M0YzAiOnsiZGVsZXRlIjo2MDAwMDAwMDAwMDB9fQ==",
          "dependencies": [
            "aws_security_group.worker_group_mgmt_one",
            "aws_security_group.worker_group_mgmt_two",
            "module.eks.aws_eks_cluster.this",
            "module.eks.aws_iam_instance_profile.workers",
            "module.eks.aws_iam_role_policy_attachment.workers_AmazonEC2ContainerRegistryReadOnly",
            "module.eks.aws_iam_role_policy_attachment.workers_AmazonEKSWorkerNodePolicy",
            "module.eks.aws_iam_role_policy_attachment.workers_AmazonEKS_CNI_Policy",
            "module.eks.aws_iam_role_policy_attachment.workers_additional_policies",
            "module.eks.aws_launch_configuration.workers",
            "module.eks.aws_security_group.workers",
            "module.eks.aws_security_group_rule.cluster_primary_ingress_workers",
            "module.eks.aws_security_group_rule.workers_egress_internet",
            "module.eks.aws_security_group_rule.workers_ingress_cluster",
            "module.eks.aws_security_group_rule.workers_ingress_cluster_https",
            "module.eks.aws_security_group_rule.workers_ingress_cluster_kubelet",
            "module.eks.aws_security_group_rule.workers_ingress_cluster_primary",
            "module.eks.aws_security_group_rule.workers_ingress_self",
            "module.eks.data.aws_ami.eks_worker",
            "module.eks.data.aws_ami.eks_worker_windows",
            "module.eks.data.aws_iam_instance_profile.custom_worker_group_iam_instance_profile",
            "module.vpc.aws_subnet.private"
          ],
          "create_before_destroy": true
        }
      ]
    },
    {
      "module": "module.eks",
      "mode": "managed",
      "type": "aws_eks_cluster",
      "name": "this",
      "provider": "provider[\"registry.terraform.io/hashicorp/aws\"]",
      "instances": [
        {
          "index_key": 0,
          "schema_version": 0,
          "attributes": {
            "arn": "arn:aws:eks:eu-south-1:923820784277:cluster/example-cluster-M4efIXz0",
            "certificate_authority": [
              {
                "data": "LS0tLS1CRUdJTiBDRVJUSUZJQ0FURS0tLS0tCk1JSUMvakNDQWVhZ0F3SUJBZ0lCQURBTkJna3Foa2lHOXcwQkFRc0ZBREFWTVJNd0VRWURWUVFERXdwcmRXSmwKY201bGRHVnpNQjRYRFRJeU1EVXhOekEzTWpZeE5Gb1hEVE15TURVeE5EQTNNall4TkZvd0ZURVRNQkVHQTFVRQpBeE1LYTNWaVpYSnVaWFJsY3pDQ0FTSXdEUVlKS29aSWh2Y05BUUVCQlFBRGdnRVBBRENDQVFvQ2dnRUJBTGJFCjJhYmMzcDh0VlBNUjBqbUE3Vzlkbng3aUtkTURnbkNNSCt3K0c2U09ZTGxmYzBHWGU0cGVQRE5xV1dGNXFzR0IKbGVYL2tMWithdW1mZnFvelBIYTVGc0VwY3dYUjZQUS9CczRuelRMMDFsdlQzWDhPdWc4VVBqWExvUFIyZjRFeApidG1sWlNrOUZhdDBRT0lJYWtBRFdEMWhCTzZRaGRGUlVnVlJVWjFMcStYanlWaWFhVFg2eWFvVWZCOFpROGRzCmIwaWRCc0g1RzhXT1c4Z2dBQklCckdRMDVaeXA4ZUQyUDQ0eHpiakpZOWhqY0NHaTF2elpXekJHemZVZ3lSaUcKYzZCWjZLdjBmT3ZDRGFPV0JmOUZmK0F6T1NnaGo2MkVFZEd3WnEwUUhPTERlNXpGUGg0YmtKaXBNczNrVDVCSwpoSWtaUlNlUFpiS1AxMWFJUzk4Q0F3RUFBYU5aTUZjd0RnWURWUjBQQVFIL0JBUURBZ0trTUE4R0ExVWRFd0VCCi93UUZNQU1CQWY4d0hRWURWUjBPQkJZRUZGcXIvR2ZNMjBLUWc0blV1ZjN3cGduYTZpYlFNQlVHQTFVZEVRUU8KTUF5Q0NtdDFZbVZ5Ym1WMFpYTXdEUVlKS29aSWh2Y05BUUVMQlFBRGdnRUJBR3ZuVUxES29GNFg3bDNmUHBDagp6aFVSTXVLQUN6ZkZzVWg1SjQrSXp6TkNRZzFaTkNqVUtkM3A3aW9VWEhZOHBKRUkrUW8zRVFudDNRNGlQRU80CjdKMERBUWlnb3hudUIwUFd5dFgxMUNKb3o5Z0V3SjByUjJJK2JzQnAzVVlxbUs2blhSaXJLUW9yaUYxTkphWmgKbEZlWUdRcm9sZndsRmx3dVNKQVd0dkp6YlB0YW51RExEcmdaa0cyTCtpMzJJakxZVE9iYjJEalBxL3ozdm1Ibwp5RFJ1Zzg0ellkTGFpb05kRytIS1h3cFdISXJCV3pJNjBER2tvanUrVzhqUjJnQVlzS0dEZkZma2g3cFVNam4xCmEwUkxtWUJpOGhPRDNnY1U5MEJSZlBaQ0luTjAwUCt3cWRWd0sxS3BJY0paRzdrbmNBNSs1SGlNazBnR28wZUwKR0lnPQotLS0tLUVORCBDRVJUSUZJQ0FURS0tLS0tCg=="
              }
            ],
            "created_at": "2022-05-17 07:21:44.941 +0000 UTC",
            "enabled_cluster_log_types": [],
            "encryption_config": [],
            "endpoint": "https://713226CBE653901864CBF870E4BB5EEE.yl4.eu-south-1.eks.amazonaws.com",
            "id": "example-cluster-M4efIXz0",
            "identity": [
              {
                "oidc": [
                  {
                    "issuer": "https://oidc.eks.eu-south-1.amazonaws.com/id/713226CBE653901864CBF870E4BB5EEE"
                  }
                ]
              }
            ],
            "kubernetes_network_config": [
              {
                "ip_family": "ipv4",
                "service_ipv4_cidr": "172.20.0.0/16"
              }
            ],
            "name": "example-cluster-M4efIXz0",
            "platform_version": "eks.1",
            "role_arn": "arn:aws:iam::923820784277:role/example-cluster-M4efIXz020220517072140529400000002",
            "status": "ACTIVE",
            "tags": {},
            "tags_all": {},
            "timeouts": {
              "create": "30m",
              "delete": "15m",
              "update": "60m"
            },
            "version": "1.22",
            "vpc_config": [
              {
                "cluster_security_group_id": "sg-01cb08740ffcb9b70",
                "endpoint_private_access": false,
                "endpoint_public_access": true,
                "public_access_cidrs": ["0.0.0.0/0"],
                "security_group_ids": ["sg-00f0ba6ee5ed744f6"],
                "subnet_ids": [
                  "subnet-04a0665e8908ffe85",
                  "subnet-064e7475d70d8a445",
                  "subnet-09429771bdc21ca3f"
                ],
                "vpc_id": "vpc-065f0f082ab13a682"
              }
            ]
          },
          "sensitive_attributes": [],
          "private": "eyJlMmJmYjczMC1lY2FhLTExZTYtOGY4OC0zNDM2M2JjN2M0YzAiOnsiY3JlYXRlIjoxODAwMDAwMDAwMDAwLCJkZWxldGUiOjkwMDAwMDAwMDAwMCwidXBkYXRlIjozNjAwMDAwMDAwMDAwfX0=",
          "dependencies": [
            "data.aws_availability_zones.available",
            "module.eks.aws_cloudwatch_log_group.this",
            "module.eks.aws_iam_role.cluster",
            "module.eks.aws_iam_role_policy_attachment.cluster_AmazonEKSClusterPolicy",
            "module.eks.aws_iam_role_policy_attachment.cluster_AmazonEKSServicePolicy",
            "module.eks.aws_iam_role_policy_attachment.cluster_AmazonEKSVPCResourceControllerPolicy",
            "module.eks.aws_security_group.cluster",
            "module.eks.aws_security_group.workers",
            "module.eks.aws_security_group_rule.cluster_egress_internet",
            "module.eks.aws_security_group_rule.cluster_https_worker_ingress",
            "module.eks.data.aws_iam_policy_document.cluster_assume_role_policy",
            "module.eks.data.aws_iam_role.custom_cluster_iam_role",
            "module.eks.data.aws_partition.current",
            "module.vpc.aws_subnet.private",
            "module.vpc.aws_vpc.this",
            "module.vpc.aws_vpc_ipv4_cidr_block_association.this",
            "random_string.suffix"
          ],
          "create_before_destroy": true
        }
      ]
    },
    {
      "module": "module.eks",
      "mode": "managed",
      "type": "aws_iam_instance_profile",
      "name": "workers",
      "provider": "provider[\"registry.terraform.io/hashicorp/aws\"]",
      "instances": [
        {
          "index_key": 0,
          "schema_version": 0,
          "attributes": {
            "arn": "arn:aws:iam::923820784277:instance-profile/example-cluster-M4efIXz02022051707295646730000000f",
            "create_date": "2022-05-17T07:29:56Z",
            "id": "example-cluster-M4efIXz02022051707295646730000000f",
            "name": "example-cluster-M4efIXz02022051707295646730000000f",
            "name_prefix": "example-cluster-M4efIXz0",
            "path": "/",
            "role": "example-cluster-M4efIXz02022051707295507850000000e",
            "tags": {},
            "tags_all": {},
            "unique_id": "AIPA5OGACPKKT4NNAKUSC"
          },
          "sensitive_attributes": [],
          "private": "bnVsbA==",
          "dependencies": [
            "aws_security_group.worker_group_mgmt_one",
            "aws_security_group.worker_group_mgmt_two",
            "data.aws_availability_zones.available",
            "module.eks.aws_cloudwatch_log_group.this",
            "module.eks.aws_eks_cluster.this",
            "module.eks.aws_iam_role.cluster",
            "module.eks.aws_iam_role.workers",
            "module.eks.aws_iam_role_policy_attachment.cluster_AmazonEKSClusterPolicy",
            "module.eks.aws_iam_role_policy_attachment.cluster_AmazonEKSServicePolicy",
            "module.eks.aws_iam_role_policy_attachment.cluster_AmazonEKSVPCResourceControllerPolicy",
            "module.eks.aws_security_group.cluster",
            "module.eks.aws_security_group.workers",
            "module.eks.aws_security_group_rule.cluster_egress_internet",
            "module.eks.aws_security_group_rule.cluster_https_worker_ingress",
            "module.eks.data.aws_iam_policy_document.cluster_assume_role_policy",
            "module.eks.data.aws_iam_policy_document.workers_assume_role_policy",
            "module.eks.data.aws_iam_role.custom_cluster_iam_role",
            "module.eks.data.aws_partition.current",
            "module.vpc.aws_subnet.private",
            "module.vpc.aws_vpc.this",
            "module.vpc.aws_vpc_ipv4_cidr_block_association.this",
            "random_string.suffix"
          ],
          "create_before_destroy": true
        },
        {
          "index_key": 1,
          "schema_version": 0,
          "attributes": {
            "arn": "arn:aws:iam::923820784277:instance-profile/example-cluster-M4efIXz020220526192342877100000001",
            "create_date": "2022-05-26T19:23:43Z",
            "id": "example-cluster-M4efIXz020220526192342877100000001",
            "name": "example-cluster-M4efIXz020220526192342877100000001",
            "name_prefix": "example-cluster-M4efIXz0",
            "path": "/",
            "role": "example-cluster-M4efIXz02022051707295507850000000e",
            "tags": {},
            "tags_all": {},
            "unique_id": "AIPA5OGACPKKWZZXEV5AJ"
          },
          "sensitive_attributes": [],
          "private": "bnVsbA==",
          "dependencies": [
            "aws_security_group.worker_group_mgmt_one",
            "aws_security_group.worker_group_mgmt_two",
            "data.aws_availability_zones.available",
            "module.eks.aws_cloudwatch_log_group.this",
            "module.eks.aws_eks_cluster.this",
            "module.eks.aws_iam_role.cluster",
            "module.eks.aws_iam_role.workers",
            "module.eks.aws_iam_role_policy_attachment.cluster_AmazonEKSClusterPolicy",
            "module.eks.aws_iam_role_policy_attachment.cluster_AmazonEKSServicePolicy",
            "module.eks.aws_iam_role_policy_attachment.cluster_AmazonEKSVPCResourceControllerPolicy",
            "module.eks.aws_security_group.cluster",
            "module.eks.aws_security_group.workers",
            "module.eks.aws_security_group_rule.cluster_egress_internet",
            "module.eks.aws_security_group_rule.cluster_https_worker_ingress",
            "module.eks.data.aws_iam_policy_document.cluster_assume_role_policy",
            "module.eks.data.aws_iam_policy_document.workers_assume_role_policy",
            "module.eks.data.aws_iam_role.custom_cluster_iam_role",
            "module.eks.data.aws_partition.current",
            "module.vpc.aws_subnet.private",
            "module.vpc.aws_vpc.this",
            "module.vpc.aws_vpc_ipv4_cidr_block_association.this",
            "random_string.suffix"
          ],
          "create_before_destroy": true
        }
      ]
    },
    {
      "module": "module.eks",
      "mode": "managed",
      "type": "aws_iam_policy",
      "name": "cluster_deny_log_group",
      "provider": "provider[\"registry.terraform.io/hashicorp/aws\"]",
      "instances": [
        {
          "index_key": 0,
          "schema_version": 0,
          "attributes": {
            "arn": "arn:aws:iam::923820784277:policy/example-cluster-M4efIXz0-deny-log-group20220517072140529200000001",
            "description": "Deny CreateLogGroup",
            "id": "arn:aws:iam::923820784277:policy/example-cluster-M4efIXz0-deny-log-group20220517072140529200000001",
            "name": "example-cluster-M4efIXz0-deny-log-group20220517072140529200000001",
            "name_prefix": "example-cluster-M4efIXz0-deny-log-group",
            "path": "/",
            "policy": "{\"Statement\":[{\"Action\":\"logs:CreateLogGroup\",\"Effect\":\"Deny\",\"Resource\":\"*\",\"Sid\":\"\"}],\"Version\":\"2012-10-17\"}",
            "policy_id": "ANPA5OGACPKKSFVUDCSCH",
            "tags": {},
            "tags_all": {}
          },
          "sensitive_attributes": [],
          "private": "bnVsbA==",
          "dependencies": [
            "module.eks.data.aws_iam_policy_document.cluster_deny_log_group",
            "random_string.suffix"
          ]
        }
      ]
    },
    {
      "module": "module.eks",
      "mode": "managed",
      "type": "aws_iam_policy",
      "name": "cluster_elb_sl_role_creation",
      "provider": "provider[\"registry.terraform.io/hashicorp/aws\"]",
      "instances": [
        {
          "index_key": 0,
          "schema_version": 0,
          "attributes": {
            "arn": "arn:aws:iam::923820784277:policy/example-cluster-M4efIXz0-elb-sl-role-creation20220517072140530200000003",
            "description": "Permissions for EKS to create AWSServiceRoleForElasticLoadBalancing service-linked role",
            "id": "arn:aws:iam::923820784277:policy/example-cluster-M4efIXz0-elb-sl-role-creation20220517072140530200000003",
            "name": "example-cluster-M4efIXz0-elb-sl-role-creation20220517072140530200000003",
            "name_prefix": "example-cluster-M4efIXz0-elb-sl-role-creation",
            "path": "/",
            "policy": "{\"Statement\":[{\"Action\":[\"ec2:DescribeInternetGateways\",\"ec2:DescribeAddresses\",\"ec2:DescribeAccountAttributes\"],\"Effect\":\"Allow\",\"Resource\":\"*\",\"Sid\":\"\"}],\"Version\":\"2012-10-17\"}",
            "policy_id": "ANPA5OGACPKK4XBDUKOLD",
            "tags": {},
            "tags_all": {}
          },
          "sensitive_attributes": [],
          "private": "bnVsbA==",
          "dependencies": [
            "module.eks.data.aws_iam_policy_document.cluster_elb_sl_role_creation",
            "random_string.suffix"
          ]
        }
      ]
    },
    {
      "module": "module.eks",
      "mode": "managed",
      "type": "aws_iam_role",
      "name": "cluster",
      "provider": "provider[\"registry.terraform.io/hashicorp/aws\"]",
      "instances": [
        {
          "index_key": 0,
          "schema_version": 0,
          "attributes": {
            "arn": "arn:aws:iam::923820784277:role/example-cluster-M4efIXz020220517072140529400000002",
            "assume_role_policy": "{\"Version\":\"2012-10-17\",\"Statement\":[{\"Sid\":\"EKSClusterAssumeRole\",\"Effect\":\"Allow\",\"Principal\":{\"Service\":\"eks.amazonaws.com\"},\"Action\":\"sts:AssumeRole\"}]}",
            "create_date": "2022-05-17T07:21:41Z",
            "description": "",
            "force_detach_policies": true,
            "id": "example-cluster-M4efIXz020220517072140529400000002",
            "inline_policy": [
              {
                "name": "",
                "policy": ""
              }
            ],
            "managed_policy_arns": [
              "arn:aws:iam::923820784277:policy/example-cluster-M4efIXz0-deny-log-group20220517072140529200000001",
              "arn:aws:iam::923820784277:policy/example-cluster-M4efIXz0-elb-sl-role-creation20220517072140530200000003",
              "arn:aws:iam::aws:policy/AmazonEKSClusterPolicy",
              "arn:aws:iam::aws:policy/AmazonEKSServicePolicy",
              "arn:aws:iam::aws:policy/AmazonEKSVPCResourceController"
            ],
            "max_session_duration": 3600,
            "name": "example-cluster-M4efIXz020220517072140529400000002",
            "name_prefix": "example-cluster-M4efIXz0",
            "path": "/",
            "permissions_boundary": null,
            "tags": {},
            "tags_all": {},
            "unique_id": "AROA5OGACPKK5E5AJSPD3"
          },
          "sensitive_attributes": [],
          "private": "bnVsbA==",
          "dependencies": [
            "module.eks.data.aws_iam_policy_document.cluster_assume_role_policy",
            "random_string.suffix"
          ],
          "create_before_destroy": true
        }
      ]
    },
    {
      "module": "module.eks",
      "mode": "managed",
      "type": "aws_iam_role",
      "name": "workers",
      "provider": "provider[\"registry.terraform.io/hashicorp/aws\"]",
      "instances": [
        {
          "index_key": 0,
          "schema_version": 0,
          "attributes": {
            "arn": "arn:aws:iam::923820784277:role/example-cluster-M4efIXz02022051707295507850000000e",
            "assume_role_policy": "{\"Version\":\"2012-10-17\",\"Statement\":[{\"Sid\":\"EKSWorkerAssumeRole\",\"Effect\":\"Allow\",\"Principal\":{\"Service\":\"ec2.amazonaws.com\"},\"Action\":\"sts:AssumeRole\"}]}",
            "create_date": "2022-05-17T07:29:55Z",
            "description": "",
            "force_detach_policies": true,
            "id": "example-cluster-M4efIXz02022051707295507850000000e",
            "inline_policy": [
              {
                "name": "",
                "policy": ""
              }
            ],
            "managed_policy_arns": [
              "arn:aws:iam::aws:policy/AmazonEC2ContainerRegistryReadOnly",
              "arn:aws:iam::aws:policy/AmazonEKSWorkerNodePolicy",
              "arn:aws:iam::aws:policy/AmazonEKS_CNI_Policy"
            ],
            "max_session_duration": 3600,
            "name": "example-cluster-M4efIXz02022051707295507850000000e",
            "name_prefix": "example-cluster-M4efIXz0",
            "path": "/",
            "permissions_boundary": null,
            "tags": {},
            "tags_all": {},
            "unique_id": "AROA5OGACPKK52BJ5WEWM"
          },
          "sensitive_attributes": [],
          "private": "bnVsbA==",
          "dependencies": [
            "data.aws_availability_zones.available",
            "module.eks.aws_cloudwatch_log_group.this",
            "module.eks.aws_eks_cluster.this",
            "module.eks.aws_iam_role.cluster",
            "module.eks.aws_iam_role_policy_attachment.cluster_AmazonEKSClusterPolicy",
            "module.eks.aws_iam_role_policy_attachment.cluster_AmazonEKSServicePolicy",
            "module.eks.aws_iam_role_policy_attachment.cluster_AmazonEKSVPCResourceControllerPolicy",
            "module.eks.aws_security_group.cluster",
            "module.eks.aws_security_group.workers",
            "module.eks.aws_security_group_rule.cluster_egress_internet",
            "module.eks.aws_security_group_rule.cluster_https_worker_ingress",
            "module.eks.data.aws_iam_policy_document.cluster_assume_role_policy",
            "module.eks.data.aws_iam_policy_document.workers_assume_role_policy",
            "module.eks.data.aws_iam_role.custom_cluster_iam_role",
            "module.eks.data.aws_partition.current",
            "module.vpc.aws_subnet.private",
            "module.vpc.aws_vpc.this",
            "module.vpc.aws_vpc_ipv4_cidr_block_association.this",
            "random_string.suffix"
          ],
          "create_before_destroy": true
        }
      ]
    },
    {
      "module": "module.eks",
      "mode": "managed",
      "type": "aws_iam_role_policy_attachment",
      "name": "cluster_AmazonEKSClusterPolicy",
      "provider": "provider[\"registry.terraform.io/hashicorp/aws\"]",
      "instances": [
        {
          "index_key": 0,
          "schema_version": 0,
          "attributes": {
            "id": "example-cluster-M4efIXz020220517072140529400000002-2022051707214239740000000a",
            "policy_arn": "arn:aws:iam::aws:policy/AmazonEKSClusterPolicy",
            "role": "example-cluster-M4efIXz020220517072140529400000002"
          },
          "sensitive_attributes": [],
          "private": "bnVsbA==",
          "dependencies": [
            "module.eks.aws_iam_role.cluster",
            "module.eks.data.aws_iam_policy_document.cluster_assume_role_policy",
            "module.eks.data.aws_partition.current",
            "random_string.suffix"
          ],
          "create_before_destroy": true
        }
      ]
    },
    {
      "module": "module.eks",
      "mode": "managed",
      "type": "aws_iam_role_policy_attachment",
      "name": "cluster_AmazonEKSServicePolicy",
      "provider": "provider[\"registry.terraform.io/hashicorp/aws\"]",
      "instances": [
        {
          "index_key": 0,
          "schema_version": 0,
          "attributes": {
            "id": "example-cluster-M4efIXz020220517072140529400000002-2022051707214260500000000c",
            "policy_arn": "arn:aws:iam::aws:policy/AmazonEKSServicePolicy",
            "role": "example-cluster-M4efIXz020220517072140529400000002"
          },
          "sensitive_attributes": [],
          "private": "bnVsbA==",
          "dependencies": [
            "module.eks.aws_iam_role.cluster",
            "module.eks.data.aws_iam_policy_document.cluster_assume_role_policy",
            "module.eks.data.aws_partition.current",
            "random_string.suffix"
          ],
          "create_before_destroy": true
        }
      ]
    },
    {
      "module": "module.eks",
      "mode": "managed",
      "type": "aws_iam_role_policy_attachment",
      "name": "cluster_AmazonEKSVPCResourceControllerPolicy",
      "provider": "provider[\"registry.terraform.io/hashicorp/aws\"]",
      "instances": [
        {
          "index_key": 0,
          "schema_version": 0,
          "attributes": {
            "id": "example-cluster-M4efIXz020220517072140529400000002-2022051707214264630000000d",
            "policy_arn": "arn:aws:iam::aws:policy/AmazonEKSVPCResourceController",
            "role": "example-cluster-M4efIXz020220517072140529400000002"
          },
          "sensitive_attributes": [],
          "private": "bnVsbA==",
          "dependencies": [
            "module.eks.aws_iam_role.cluster",
            "module.eks.data.aws_iam_policy_document.cluster_assume_role_policy",
            "module.eks.data.aws_partition.current",
            "random_string.suffix"
          ],
          "create_before_destroy": true
        }
      ]
    },
    {
      "module": "module.eks",
      "mode": "managed",
      "type": "aws_iam_role_policy_attachment",
      "name": "cluster_deny_log_group",
      "provider": "provider[\"registry.terraform.io/hashicorp/aws\"]",
      "instances": [
        {
          "index_key": 0,
          "schema_version": 0,
          "attributes": {
            "id": "example-cluster-M4efIXz020220517072140529400000002-2022051707214249980000000b",
            "policy_arn": "arn:aws:iam::923820784277:policy/example-cluster-M4efIXz0-deny-log-group20220517072140529200000001",
            "role": "example-cluster-M4efIXz020220517072140529400000002"
          },
          "sensitive_attributes": [],
          "private": "bnVsbA==",
          "dependencies": [
            "module.eks.aws_iam_policy.cluster_deny_log_group",
            "module.eks.aws_iam_role.cluster",
            "module.eks.data.aws_iam_policy_document.cluster_assume_role_policy",
            "module.eks.data.aws_iam_policy_document.cluster_deny_log_group",
            "random_string.suffix"
          ]
        }
      ]
    },
    {
      "module": "module.eks",
      "mode": "managed",
      "type": "aws_iam_role_policy_attachment",
      "name": "cluster_elb_sl_role_creation",
      "provider": "provider[\"registry.terraform.io/hashicorp/aws\"]",
      "instances": [
        {
          "index_key": 0,
          "schema_version": 0,
          "attributes": {
            "id": "example-cluster-M4efIXz020220517072140529400000002-20220517072142295800000009",
            "policy_arn": "arn:aws:iam::923820784277:policy/example-cluster-M4efIXz0-elb-sl-role-creation20220517072140530200000003",
            "role": "example-cluster-M4efIXz020220517072140529400000002"
          },
          "sensitive_attributes": [],
          "private": "bnVsbA==",
          "dependencies": [
            "module.eks.aws_iam_policy.cluster_elb_sl_role_creation",
            "module.eks.aws_iam_role.cluster",
            "module.eks.data.aws_iam_policy_document.cluster_assume_role_policy",
            "module.eks.data.aws_iam_policy_document.cluster_elb_sl_role_creation",
            "random_string.suffix"
          ]
        }
      ]
    },
    {
      "module": "module.eks",
      "mode": "managed",
      "type": "aws_iam_role_policy_attachment",
      "name": "workers_AmazonEC2ContainerRegistryReadOnly",
      "provider": "provider[\"registry.terraform.io/hashicorp/aws\"]",
      "instances": [
        {
          "index_key": 0,
          "schema_version": 0,
          "attributes": {
            "id": "example-cluster-M4efIXz02022051707295507850000000e-20220517072956887900000012",
            "policy_arn": "arn:aws:iam::aws:policy/AmazonEC2ContainerRegistryReadOnly",
            "role": "example-cluster-M4efIXz02022051707295507850000000e"
          },
          "sensitive_attributes": [],
          "private": "bnVsbA==",
          "dependencies": [
            "data.aws_availability_zones.available",
            "module.eks.aws_cloudwatch_log_group.this",
            "module.eks.aws_eks_cluster.this",
            "module.eks.aws_iam_role.cluster",
            "module.eks.aws_iam_role.workers",
            "module.eks.aws_iam_role_policy_attachment.cluster_AmazonEKSClusterPolicy",
            "module.eks.aws_iam_role_policy_attachment.cluster_AmazonEKSServicePolicy",
            "module.eks.aws_iam_role_policy_attachment.cluster_AmazonEKSVPCResourceControllerPolicy",
            "module.eks.aws_security_group.cluster",
            "module.eks.aws_security_group.workers",
            "module.eks.aws_security_group_rule.cluster_egress_internet",
            "module.eks.aws_security_group_rule.cluster_https_worker_ingress",
            "module.eks.data.aws_iam_policy_document.cluster_assume_role_policy",
            "module.eks.data.aws_iam_policy_document.workers_assume_role_policy",
            "module.eks.data.aws_iam_role.custom_cluster_iam_role",
            "module.eks.data.aws_partition.current",
            "module.vpc.aws_subnet.private",
            "module.vpc.aws_vpc.this",
            "module.vpc.aws_vpc_ipv4_cidr_block_association.this",
            "random_string.suffix"
          ],
          "create_before_destroy": true
        }
      ]
    },
    {
      "module": "module.eks",
      "mode": "managed",
      "type": "aws_iam_role_policy_attachment",
      "name": "workers_AmazonEKSWorkerNodePolicy",
      "provider": "provider[\"registry.terraform.io/hashicorp/aws\"]",
      "instances": [
        {
          "index_key": 0,
          "schema_version": 0,
          "attributes": {
            "id": "example-cluster-M4efIXz02022051707295507850000000e-20220517072956606500000010",
            "policy_arn": "arn:aws:iam::aws:policy/AmazonEKSWorkerNodePolicy",
            "role": "example-cluster-M4efIXz02022051707295507850000000e"
          },
          "sensitive_attributes": [],
          "private": "bnVsbA==",
          "dependencies": [
            "data.aws_availability_zones.available",
            "module.eks.aws_cloudwatch_log_group.this",
            "module.eks.aws_eks_cluster.this",
            "module.eks.aws_iam_role.cluster",
            "module.eks.aws_iam_role.workers",
            "module.eks.aws_iam_role_policy_attachment.cluster_AmazonEKSClusterPolicy",
            "module.eks.aws_iam_role_policy_attachment.cluster_AmazonEKSServicePolicy",
            "module.eks.aws_iam_role_policy_attachment.cluster_AmazonEKSVPCResourceControllerPolicy",
            "module.eks.aws_security_group.cluster",
            "module.eks.aws_security_group.workers",
            "module.eks.aws_security_group_rule.cluster_egress_internet",
            "module.eks.aws_security_group_rule.cluster_https_worker_ingress",
            "module.eks.data.aws_iam_policy_document.cluster_assume_role_policy",
            "module.eks.data.aws_iam_policy_document.workers_assume_role_policy",
            "module.eks.data.aws_iam_role.custom_cluster_iam_role",
            "module.eks.data.aws_partition.current",
            "module.vpc.aws_subnet.private",
            "module.vpc.aws_vpc.this",
            "module.vpc.aws_vpc_ipv4_cidr_block_association.this",
            "random_string.suffix"
          ],
          "create_before_destroy": true
        }
      ]
    },
    {
      "module": "module.eks",
      "mode": "managed",
      "type": "aws_iam_role_policy_attachment",
      "name": "workers_AmazonEKS_CNI_Policy",
      "provider": "provider[\"registry.terraform.io/hashicorp/aws\"]",
      "instances": [
        {
          "index_key": 0,
          "schema_version": 0,
          "attributes": {
            "id": "example-cluster-M4efIXz02022051707295507850000000e-20220517072956747100000011",
            "policy_arn": "arn:aws:iam::aws:policy/AmazonEKS_CNI_Policy",
            "role": "example-cluster-M4efIXz02022051707295507850000000e"
          },
          "sensitive_attributes": [],
          "private": "bnVsbA==",
          "dependencies": [
            "data.aws_availability_zones.available",
            "module.eks.aws_cloudwatch_log_group.this",
            "module.eks.aws_eks_cluster.this",
            "module.eks.aws_iam_role.cluster",
            "module.eks.aws_iam_role.workers",
            "module.eks.aws_iam_role_policy_attachment.cluster_AmazonEKSClusterPolicy",
            "module.eks.aws_iam_role_policy_attachment.cluster_AmazonEKSServicePolicy",
            "module.eks.aws_iam_role_policy_attachment.cluster_AmazonEKSVPCResourceControllerPolicy",
            "module.eks.aws_security_group.cluster",
            "module.eks.aws_security_group.workers",
            "module.eks.aws_security_group_rule.cluster_egress_internet",
            "module.eks.aws_security_group_rule.cluster_https_worker_ingress",
            "module.eks.data.aws_iam_policy_document.cluster_assume_role_policy",
            "module.eks.data.aws_iam_policy_document.workers_assume_role_policy",
            "module.eks.data.aws_iam_role.custom_cluster_iam_role",
            "module.eks.data.aws_partition.current",
            "module.vpc.aws_subnet.private",
            "module.vpc.aws_vpc.this",
            "module.vpc.aws_vpc_ipv4_cidr_block_association.this",
            "random_string.suffix"
          ],
          "create_before_destroy": true
        }
      ]
    },
    {
      "module": "module.eks",
      "mode": "managed",
      "type": "aws_launch_configuration",
      "name": "workers",
      "provider": "provider[\"registry.terraform.io/hashicorp/aws\"]",
      "instances": [
        {
          "index_key": 0,
          "schema_version": 0,
          "attributes": {
            "arn": "arn:aws:autoscaling:eu-south-1:923820784277:launchConfiguration:3b4e6e67-b6bb-4304-a418-eac474f5007b:launchConfigurationName/example-cluster-M4efIXz0-worker-group-120220530092212825800000001",
            "associate_public_ip_address": false,
            "ebs_block_device": [],
            "ebs_optimized": true,
            "enable_monitoring": true,
            "ephemeral_block_device": [],
            "iam_instance_profile": "example-cluster-M4efIXz02022051707295646730000000f",
            "id": "example-cluster-M4efIXz0-worker-group-120220530092212825800000001",
            "image_id": "ami-0107843901f3c3b36",
            "instance_type": "t3.small",
            "key_name": "",
            "metadata_options": [
              {
                "http_endpoint": "enabled",
                "http_put_response_hop_limit": 1,
                "http_tokens": "optional"
              }
            ],
            "name": "example-cluster-M4efIXz0-worker-group-120220530092212825800000001",
            "name_prefix": "example-cluster-M4efIXz0-worker-group-1",
            "placement_tenancy": "",
            "root_block_device": [
              {
                "delete_on_termination": true,
                "encrypted": false,
                "iops": 0,
                "throughput": 0,
                "volume_size": 100,
                "volume_type": "gp2"
              }
            ],
            "security_groups": ["sg-078dbf22de8d900ae", "sg-0cb45d86da278580a"],
            "spot_price": "",
            "user_data": null,
            "user_data_base64": "IyEvYmluL2Jhc2ggLWUKCiMgQWxsb3cgdXNlciBzdXBwbGllZCBwcmUgdXNlcmRhdGEgY29kZQoKCiMgQm9vdHN0cmFwIGFuZCBqb2luIHRoZSBjbHVzdGVyCi9ldGMvZWtzL2Jvb3RzdHJhcC5zaCAtLWI2NC1jbHVzdGVyLWNhICdMUzB0TFMxQ1JVZEpUaUJEUlZKVVNVWkpRMEZVUlMwdExTMHRDazFKU1VNdmFrTkRRV1ZoWjBGM1NVSkJaMGxDUVVSQlRrSm5hM0ZvYTJsSE9YY3dRa0ZSYzBaQlJFRldUVkpOZDBWUldVUldVVkZFUlhkd2NtUlhTbXdLWTIwMWJHUkhWbnBOUWpSWVJGUkplVTFFVlhoT2VrRXpUV3BaZUU1R2IxaEVWRTE1VFVSVmVFNUVRVE5OYWxsNFRrWnZkMFpVUlZSTlFrVkhRVEZWUlFwQmVFMUxZVE5XYVZwWVNuVmFXRkpzWTNwRFEwRlRTWGRFVVZsS1MyOWFTV2gyWTA1QlVVVkNRbEZCUkdkblJWQkJSRU5EUVZGdlEyZG5SVUpCVEdKRkNqSmhZbU16Y0RoMFZsQk5VakJxYlVFM1Z6bGtibmczYVV0a1RVUm5ia05OU0N0M0swYzJVMDlaVEd4bVl6QkhXR1UwY0dWUVJFNXhWMWRHTlhGelIwSUtiR1ZZTDJ0TVdpdGhkVzFtWm5GdmVsQklZVFZHYzBWd1kzZFlValpRVVM5Q2N6UnVlbFJNTURGc2RsUXpXRGhQZFdjNFZWQnFXRXh2VUZJeVpqUkZlQXBpZEcxc1dsTnJPVVpoZERCUlQwbEpZV3RCUkZkRU1XaENUelpSYUdSR1VsVm5WbEpWV2pGTWNTdFlhbmxXYVdGaFZGZzJlV0Z2VldaQ09GcFJPR1J6Q21Jd2FXUkNjMGcxUnpoWFQxYzRaMmRCUWtsQ2NrZFJNRFZhZVhBNFpVUXlVRFEwZUhwaWFrcFpPV2hxWTBOSGFURjJlbHBYZWtKSGVtWlZaM2xTYVVjS1l6WkNXalpMZGpCbVQzWkRSR0ZQVjBKbU9VWm1LMEY2VDFObmFHbzJNa1ZGWkVkM1duRXdVVWhQVEVSbE5YcEdVR2cwWW10S2FYQk5jek5yVkRWQ1N3cG9TV3RhVWxObFVGcGlTMUF4TVdGSlV6azRRMEYzUlVGQllVNWFUVVpqZDBSbldVUldVakJRUVZGSUwwSkJVVVJCWjB0clRVRTRSMEV4VldSRmQwVkNDaTkzVVVaTlFVMUNRV1k0ZDBoUldVUldVakJQUWtKWlJVWkdjWEl2UjJaTk1qQkxVV2MwYmxWMVpqTjNjR2R1WVRacFlsRk5RbFZIUVRGVlpFVlJVVThLVFVGNVEwTnRkREZaYlZaNVltMVdNRnBZVFhkRVVWbEtTMjlhU1doMlkwNUJVVVZNUWxGQlJHZG5SVUpCUjNadVZVeEVTMjlHTkZnM2JETm1VSEJEYWdwNmFGVlNUWFZMUVVONlprWnpWV2cxU2pRclNYcDZUa05SWnpGYVRrTnFWVXRrTTNBM2FXOVZXRWhaT0hCS1JVa3JVVzh6UlZGdWRETlJOR2xRUlU4MENqZEtNRVJCVVdsbmIzaHVkVUl3VUZkNWRGZ3hNVU5LYjNvNVowVjNTakJ5VWpKSksySnpRbkF6VlZseGJVczJibGhTYVhKTFVXOXlhVVl4VGtwaFdtZ0tiRVpsV1VkUmNtOXNabmRzUm14M2RWTktRVmQwZGtwNllsQjBZVzUxUkV4RWNtZGFhMGN5VEN0cE16Skpha3haVkU5aVlqSkVhbEJ4TDNvemRtMUlid3A1UkZKMVp6ZzBlbGxrVEdGcGIwNWtSeXRJUzFoM2NGZElTWEpDVjNwSk5qQkVSMnR2YW5VclZ6aHFVakpuUVZselMwZEVaa1ptYTJnM2NGVk5hbTR4Q21Fd1VreHRXVUpwT0doUFJETm5ZMVU1TUVKU1psQmFRMGx1VGpBd1VDdDNjV1JXZDBzeFMzQkpZMHBhUnpkcmJtTkJOU3MxU0dsTmF6Qm5SMjh3WlV3S1IwbG5QUW90TFMwdExVVk9SQ0JEUlZKVVNVWkpRMEZVUlMwdExTMHRDZz09JyAtLWFwaXNlcnZlci1lbmRwb2ludCAnaHR0cHM6Ly83MTMyMjZDQkU2NTM5MDE4NjRDQkY4NzBFNEJCNUVFRS55bDQuZXUtc291dGgtMS5la3MuYW1hem9uYXdzLmNvbScgIC0ta3ViZWxldC1leHRyYS1hcmdzICIiICdpbmNsb29kby1jbHVzdGVyLU00ZWZJWHowJwoKIyBBbGxvdyB1c2VyIHN1cHBsaWVkIHVzZXJkYXRhIGNvZGUKZWNobyBmb28gYmFyCg==",
            "vpc_classic_link_id": "",
            "vpc_classic_link_security_groups": null
          },
          "sensitive_attributes": [],
          "private": "bnVsbA==",
          "dependencies": [
            "aws_security_group.worker_group_mgmt_one",
            "aws_security_group.worker_group_mgmt_two",
            "module.eks.aws_eks_cluster.this",
            "module.eks.aws_iam_instance_profile.workers",
            "module.eks.aws_iam_role_policy_attachment.workers_AmazonEC2ContainerRegistryReadOnly",
            "module.eks.aws_iam_role_policy_attachment.workers_AmazonEKSWorkerNodePolicy",
            "module.eks.aws_iam_role_policy_attachment.workers_AmazonEKS_CNI_Policy",
            "module.eks.aws_iam_role_policy_attachment.workers_additional_policies",
            "module.eks.aws_security_group.workers",
            "module.eks.aws_security_group_rule.cluster_primary_ingress_workers",
            "module.eks.aws_security_group_rule.workers_egress_internet",
            "module.eks.aws_security_group_rule.workers_ingress_cluster",
            "module.eks.aws_security_group_rule.workers_ingress_cluster_https",
            "module.eks.aws_security_group_rule.workers_ingress_cluster_kubelet",
            "module.eks.aws_security_group_rule.workers_ingress_cluster_primary",
            "module.eks.aws_security_group_rule.workers_ingress_self",
            "module.eks.data.aws_ami.eks_worker",
            "module.eks.data.aws_ami.eks_worker_windows",
            "module.eks.data.aws_iam_instance_profile.custom_worker_group_iam_instance_profile",
            "module.vpc.aws_subnet.private"
          ],
          "create_before_destroy": true
        },
        {
          "index_key": 1,
          "schema_version": 0,
          "attributes": {
            "arn": "arn:aws:autoscaling:eu-south-1:923820784277:launchConfiguration:e5c04ad7-fe77-420a-8464-c0a6a3e8d64d:launchConfigurationName/example-cluster-M4efIXz0-worker-group-220220530092212826200000002",
            "associate_public_ip_address": false,
            "ebs_block_device": [],
            "ebs_optimized": true,
            "enable_monitoring": true,
            "ephemeral_block_device": [],
            "iam_instance_profile": "example-cluster-M4efIXz020220526192342877100000001",
            "id": "example-cluster-M4efIXz0-worker-group-220220530092212826200000002",
            "image_id": "ami-0107843901f3c3b36",
            "instance_type": "t3.medium",
            "key_name": "",
            "metadata_options": [
              {
                "http_endpoint": "enabled",
                "http_put_response_hop_limit": 1,
                "http_tokens": "optional"
              }
            ],
            "name": "example-cluster-M4efIXz0-worker-group-220220530092212826200000002",
            "name_prefix": "example-cluster-M4efIXz0-worker-group-2",
            "placement_tenancy": "",
            "root_block_device": [
              {
                "delete_on_termination": true,
                "encrypted": false,
                "iops": 0,
                "throughput": 0,
                "volume_size": 100,
                "volume_type": "gp2"
              }
            ],
            "security_groups": ["sg-078dbf22de8d900ae", "sg-0f89a75f35c923b2c"],
            "spot_price": "",
            "user_data": null,
            "user_data_base64": "IyEvYmluL2Jhc2ggLWUKCiMgQWxsb3cgdXNlciBzdXBwbGllZCBwcmUgdXNlcmRhdGEgY29kZQoKCiMgQm9vdHN0cmFwIGFuZCBqb2luIHRoZSBjbHVzdGVyCi9ldGMvZWtzL2Jvb3RzdHJhcC5zaCAtLWI2NC1jbHVzdGVyLWNhICdMUzB0TFMxQ1JVZEpUaUJEUlZKVVNVWkpRMEZVUlMwdExTMHRDazFKU1VNdmFrTkRRV1ZoWjBGM1NVSkJaMGxDUVVSQlRrSm5hM0ZvYTJsSE9YY3dRa0ZSYzBaQlJFRldUVkpOZDBWUldVUldVVkZFUlhkd2NtUlhTbXdLWTIwMWJHUkhWbnBOUWpSWVJGUkplVTFFVlhoT2VrRXpUV3BaZUU1R2IxaEVWRTE1VFVSVmVFNUVRVE5OYWxsNFRrWnZkMFpVUlZSTlFrVkhRVEZWUlFwQmVFMUxZVE5XYVZwWVNuVmFXRkpzWTNwRFEwRlRTWGRFVVZsS1MyOWFTV2gyWTA1QlVVVkNRbEZCUkdkblJWQkJSRU5EUVZGdlEyZG5SVUpCVEdKRkNqSmhZbU16Y0RoMFZsQk5VakJxYlVFM1Z6bGtibmczYVV0a1RVUm5ia05OU0N0M0swYzJVMDlaVEd4bVl6QkhXR1UwY0dWUVJFNXhWMWRHTlhGelIwSUtiR1ZZTDJ0TVdpdGhkVzFtWm5GdmVsQklZVFZHYzBWd1kzZFlValpRVVM5Q2N6UnVlbFJNTURGc2RsUXpXRGhQZFdjNFZWQnFXRXh2VUZJeVpqUkZlQXBpZEcxc1dsTnJPVVpoZERCUlQwbEpZV3RCUkZkRU1XaENUelpSYUdSR1VsVm5WbEpWV2pGTWNTdFlhbmxXYVdGaFZGZzJlV0Z2VldaQ09GcFJPR1J6Q21Jd2FXUkNjMGcxUnpoWFQxYzRaMmRCUWtsQ2NrZFJNRFZhZVhBNFpVUXlVRFEwZUhwaWFrcFpPV2hxWTBOSGFURjJlbHBYZWtKSGVtWlZaM2xTYVVjS1l6WkNXalpMZGpCbVQzWkRSR0ZQVjBKbU9VWm1LMEY2VDFObmFHbzJNa1ZGWkVkM1duRXdVVWhQVEVSbE5YcEdVR2cwWW10S2FYQk5jek5yVkRWQ1N3cG9TV3RhVWxObFVGcGlTMUF4TVdGSlV6azRRMEYzUlVGQllVNWFUVVpqZDBSbldVUldVakJRUVZGSUwwSkJVVVJCWjB0clRVRTRSMEV4VldSRmQwVkNDaTkzVVVaTlFVMUNRV1k0ZDBoUldVUldVakJQUWtKWlJVWkdjWEl2UjJaTk1qQkxVV2MwYmxWMVpqTjNjR2R1WVRacFlsRk5RbFZIUVRGVlpFVlJVVThLVFVGNVEwTnRkREZaYlZaNVltMVdNRnBZVFhkRVVWbEtTMjlhU1doMlkwNUJVVVZNUWxGQlJHZG5SVUpCUjNadVZVeEVTMjlHTkZnM2JETm1VSEJEYWdwNmFGVlNUWFZMUVVONlprWnpWV2cxU2pRclNYcDZUa05SWnpGYVRrTnFWVXRrTTNBM2FXOVZXRWhaT0hCS1JVa3JVVzh6UlZGdWRETlJOR2xRUlU4MENqZEtNRVJCVVdsbmIzaHVkVUl3VUZkNWRGZ3hNVU5LYjNvNVowVjNTakJ5VWpKSksySnpRbkF6VlZseGJVczJibGhTYVhKTFVXOXlhVVl4VGtwaFdtZ0tiRVpsV1VkUmNtOXNabmRzUm14M2RWTktRVmQwZGtwNllsQjBZVzUxUkV4RWNtZGFhMGN5VEN0cE16Skpha3haVkU5aVlqSkVhbEJ4TDNvemRtMUlid3A1UkZKMVp6ZzBlbGxrVEdGcGIwNWtSeXRJUzFoM2NGZElTWEpDVjNwSk5qQkVSMnR2YW5VclZ6aHFVakpuUVZselMwZEVaa1ptYTJnM2NGVk5hbTR4Q21Fd1VreHRXVUpwT0doUFJETm5ZMVU1TUVKU1psQmFRMGx1VGpBd1VDdDNjV1JXZDBzeFMzQkpZMHBhUnpkcmJtTkJOU3MxU0dsTmF6Qm5SMjh3WlV3S1IwbG5QUW90TFMwdExVVk9SQ0JEUlZKVVNVWkpRMEZVUlMwdExTMHRDZz09JyAtLWFwaXNlcnZlci1lbmRwb2ludCAnaHR0cHM6Ly83MTMyMjZDQkU2NTM5MDE4NjRDQkY4NzBFNEJCNUVFRS55bDQuZXUtc291dGgtMS5la3MuYW1hem9uYXdzLmNvbScgIC0ta3ViZWxldC1leHRyYS1hcmdzICIiICdpbmNsb29kby1jbHVzdGVyLU00ZWZJWHowJwoKIyBBbGxvdyB1c2VyIHN1cHBsaWVkIHVzZXJkYXRhIGNvZGUKZWNobyBmb28gYmFyCg==",
            "vpc_classic_link_id": "",
            "vpc_classic_link_security_groups": null
          },
          "sensitive_attributes": [],
          "private": "bnVsbA==",
          "dependencies": [
            "aws_security_group.worker_group_mgmt_one",
            "aws_security_group.worker_group_mgmt_two",
            "module.eks.aws_eks_cluster.this",
            "module.eks.aws_iam_instance_profile.workers",
            "module.eks.aws_iam_role_policy_attachment.workers_AmazonEC2ContainerRegistryReadOnly",
            "module.eks.aws_iam_role_policy_attachment.workers_AmazonEKSWorkerNodePolicy",
            "module.eks.aws_iam_role_policy_attachment.workers_AmazonEKS_CNI_Policy",
            "module.eks.aws_iam_role_policy_attachment.workers_additional_policies",
            "module.eks.aws_security_group.workers",
            "module.eks.aws_security_group_rule.cluster_primary_ingress_workers",
            "module.eks.aws_security_group_rule.workers_egress_internet",
            "module.eks.aws_security_group_rule.workers_ingress_cluster",
            "module.eks.aws_security_group_rule.workers_ingress_cluster_https",
            "module.eks.aws_security_group_rule.workers_ingress_cluster_kubelet",
            "module.eks.aws_security_group_rule.workers_ingress_cluster_primary",
            "module.eks.aws_security_group_rule.workers_ingress_self",
            "module.eks.data.aws_ami.eks_worker",
            "module.eks.data.aws_ami.eks_worker_windows",
            "module.eks.data.aws_iam_instance_profile.custom_worker_group_iam_instance_profile",
            "module.vpc.aws_subnet.private"
          ],
          "create_before_destroy": true
        }
      ]
    },
    {
      "module": "module.eks",
      "mode": "managed",
      "type": "aws_security_group",
      "name": "cluster",
      "provider": "provider[\"registry.terraform.io/hashicorp/aws\"]",
      "instances": [
        {
          "index_key": 0,
          "schema_version": 1,
          "attributes": {
            "arn": "arn:aws:ec2:eu-south-1:923820784277:security-group/sg-00f0ba6ee5ed744f6",
            "description": "EKS cluster security group.",
            "egress": [
              {
                "cidr_blocks": ["0.0.0.0/0"],
                "description": "Allow cluster egress access to the Internet.",
                "from_port": 0,
                "ipv6_cidr_blocks": [],
                "prefix_list_ids": [],
                "protocol": "-1",
                "security_groups": [],
                "self": false,
                "to_port": 0
              }
            ],
            "id": "sg-00f0ba6ee5ed744f6",
            "ingress": [
              {
                "cidr_blocks": [],
                "description": "Allow pods to communicate with the EKS cluster API.",
                "from_port": 443,
                "ipv6_cidr_blocks": [],
                "prefix_list_ids": [],
                "protocol": "tcp",
                "security_groups": ["sg-078dbf22de8d900ae"],
                "self": false,
                "to_port": 443
              }
            ],
            "name": "example-cluster-M4efIXz020220517072140530900000005",
            "name_prefix": "example-cluster-M4efIXz0",
            "owner_id": "923820784277",
            "revoke_rules_on_delete": false,
            "tags": {
              "Name": "example-cluster-M4efIXz0-eks_cluster_sg"
            },
            "tags_all": {
              "Name": "example-cluster-M4efIXz0-eks_cluster_sg"
            },
            "timeouts": null,
            "vpc_id": "vpc-065f0f082ab13a682"
          },
          "sensitive_attributes": [],
          "private": "eyJlMmJmYjczMC1lY2FhLTExZTYtOGY4OC0zNDM2M2JjN2M0YzAiOnsiY3JlYXRlIjo2MDAwMDAwMDAwMDAsImRlbGV0ZSI6OTAwMDAwMDAwMDAwfSwic2NoZW1hX3ZlcnNpb24iOiIxIn0=",
          "dependencies": ["module.vpc.aws_vpc.this", "random_string.suffix"],
          "create_before_destroy": true
        }
      ]
    },
    {
      "module": "module.eks",
      "mode": "managed",
      "type": "aws_security_group",
      "name": "workers",
      "provider": "provider[\"registry.terraform.io/hashicorp/aws\"]",
      "instances": [
        {
          "index_key": 0,
          "schema_version": 1,
          "attributes": {
            "arn": "arn:aws:ec2:eu-south-1:923820784277:security-group/sg-078dbf22de8d900ae",
            "description": "Security group for all nodes in the cluster.",
            "egress": [
              {
                "cidr_blocks": ["0.0.0.0/0"],
                "description": "Allow nodes all egress to the Internet.",
                "from_port": 0,
                "ipv6_cidr_blocks": [],
                "prefix_list_ids": [],
                "protocol": "-1",
                "security_groups": [],
                "self": false,
                "to_port": 0
              }
            ],
            "id": "sg-078dbf22de8d900ae",
            "ingress": [
              {
                "cidr_blocks": [],
                "description": "",
                "from_port": 0,
                "ipv6_cidr_blocks": [],
                "prefix_list_ids": [],
                "protocol": "-1",
                "security_groups": ["sg-063fad5753865eac9"],
                "self": false,
                "to_port": 0
              },
              {
                "cidr_blocks": [],
                "description": "Allow node to communicate with each other.",
                "from_port": 0,
                "ipv6_cidr_blocks": [],
                "prefix_list_ids": [],
                "protocol": "-1",
                "security_groups": [],
                "self": true,
                "to_port": 0
              },
              {
                "cidr_blocks": [],
                "description": "Allow pods running extension API servers on port 443 to receive communication from cluster control plane.",
                "from_port": 443,
                "ipv6_cidr_blocks": [],
                "prefix_list_ids": [],
                "protocol": "tcp",
                "security_groups": ["sg-00f0ba6ee5ed744f6"],
                "self": false,
                "to_port": 443
              },
              {
                "cidr_blocks": [],
                "description": "Allow workers pods to receive communication from the cluster control plane.",
                "from_port": 1025,
                "ipv6_cidr_blocks": [],
                "prefix_list_ids": [],
                "protocol": "tcp",
                "security_groups": ["sg-00f0ba6ee5ed744f6"],
                "self": false,
                "to_port": 65535
              }
            ],
            "name": "example-cluster-M4efIXz020220517072141401300000008",
            "name_prefix": "example-cluster-M4efIXz0",
            "owner_id": "923820784277",
            "revoke_rules_on_delete": false,
            "tags": {
              "Name": "example-cluster-M4efIXz0-eks_worker_sg",
              "kubernetes.io/cluster/example-cluster-M4efIXz0": "owned"
            },
            "tags_all": {
              "Name": "example-cluster-M4efIXz0-eks_worker_sg",
              "kubernetes.io/cluster/example-cluster-M4efIXz0": "owned"
            },
            "timeouts": null,
            "vpc_id": "vpc-065f0f082ab13a682"
          },
          "sensitive_attributes": [],
          "private": "eyJlMmJmYjczMC1lY2FhLTExZTYtOGY4OC0zNDM2M2JjN2M0YzAiOnsiY3JlYXRlIjo2MDAwMDAwMDAwMDAsImRlbGV0ZSI6OTAwMDAwMDAwMDAwfSwic2NoZW1hX3ZlcnNpb24iOiIxIn0=",
          "dependencies": ["module.vpc.aws_vpc.this", "random_string.suffix"],
          "create_before_destroy": true
        }
      ]
    },
    {
      "module": "module.eks",
      "mode": "managed",
      "type": "aws_security_group_rule",
      "name": "cluster_egress_internet",
      "provider": "provider[\"registry.terraform.io/hashicorp/aws\"]",
      "instances": [
        {
          "index_key": 0,
          "schema_version": 2,
          "attributes": {
            "cidr_blocks": ["0.0.0.0/0"],
            "description": "Allow cluster egress access to the Internet.",
            "from_port": 0,
            "id": "sgrule-2190856970",
            "ipv6_cidr_blocks": [],
            "prefix_list_ids": [],
            "protocol": "-1",
            "security_group_id": "sg-00f0ba6ee5ed744f6",
            "self": false,
            "source_security_group_id": null,
            "to_port": 0,
            "type": "egress"
          },
          "sensitive_attributes": [],
          "private": "eyJzY2hlbWFfdmVyc2lvbiI6IjIifQ==",
          "dependencies": [
            "module.eks.aws_security_group.cluster",
            "module.vpc.aws_vpc.this",
            "random_string.suffix"
          ],
          "create_before_destroy": true
        }
      ]
    },
    {
      "module": "module.eks",
      "mode": "managed",
      "type": "aws_security_group_rule",
      "name": "cluster_https_worker_ingress",
      "provider": "provider[\"registry.terraform.io/hashicorp/aws\"]",
      "instances": [
        {
          "index_key": 0,
          "schema_version": 2,
          "attributes": {
            "cidr_blocks": [],
            "description": "Allow pods to communicate with the EKS cluster API.",
            "from_port": 443,
            "id": "sgrule-1457251232",
            "ipv6_cidr_blocks": [],
            "prefix_list_ids": [],
            "protocol": "tcp",
            "security_group_id": "sg-00f0ba6ee5ed744f6",
            "self": false,
            "source_security_group_id": "sg-078dbf22de8d900ae",
            "to_port": 443,
            "type": "ingress"
          },
          "sensitive_attributes": [],
          "private": "eyJzY2hlbWFfdmVyc2lvbiI6IjIifQ==",
          "dependencies": [
            "module.eks.aws_security_group.cluster",
            "module.eks.aws_security_group.workers",
            "module.vpc.aws_vpc.this",
            "random_string.suffix"
          ],
          "create_before_destroy": true
        }
      ]
    },
    {
      "module": "module.eks",
      "mode": "managed",
      "type": "aws_security_group_rule",
      "name": "workers_egress_internet",
      "provider": "provider[\"registry.terraform.io/hashicorp/aws\"]",
      "instances": [
        {
          "index_key": 0,
          "schema_version": 2,
          "attributes": {
            "cidr_blocks": ["0.0.0.0/0"],
            "description": "Allow nodes all egress to the Internet.",
            "from_port": 0,
            "id": "sgrule-2732557105",
            "ipv6_cidr_blocks": [],
            "prefix_list_ids": [],
            "protocol": "-1",
            "security_group_id": "sg-078dbf22de8d900ae",
            "self": false,
            "source_security_group_id": null,
            "to_port": 0,
            "type": "egress"
          },
          "sensitive_attributes": [],
          "private": "eyJzY2hlbWFfdmVyc2lvbiI6IjIifQ==",
          "dependencies": [
            "module.eks.aws_security_group.workers",
            "module.vpc.aws_vpc.this",
            "random_string.suffix"
          ],
          "create_before_destroy": true
        }
      ]
    },
    {
      "module": "module.eks",
      "mode": "managed",
      "type": "aws_security_group_rule",
      "name": "workers_ingress_cluster",
      "provider": "provider[\"registry.terraform.io/hashicorp/aws\"]",
      "instances": [
        {
          "index_key": 0,
          "schema_version": 2,
          "attributes": {
            "cidr_blocks": [],
            "description": "Allow workers pods to receive communication from the cluster control plane.",
            "from_port": 1025,
            "id": "sgrule-2730269838",
            "ipv6_cidr_blocks": [],
            "prefix_list_ids": [],
            "protocol": "tcp",
            "security_group_id": "sg-078dbf22de8d900ae",
            "self": false,
            "source_security_group_id": "sg-00f0ba6ee5ed744f6",
            "to_port": 65535,
            "type": "ingress"
          },
          "sensitive_attributes": [],
          "private": "eyJzY2hlbWFfdmVyc2lvbiI6IjIifQ==",
          "dependencies": [
            "module.eks.aws_security_group.cluster",
            "module.eks.aws_security_group.workers",
            "module.vpc.aws_vpc.this",
            "random_string.suffix"
          ],
          "create_before_destroy": true
        }
      ]
    },
    {
      "module": "module.eks",
      "mode": "managed",
      "type": "aws_security_group_rule",
      "name": "workers_ingress_cluster_https",
      "provider": "provider[\"registry.terraform.io/hashicorp/aws\"]",
      "instances": [
        {
          "index_key": 0,
          "schema_version": 2,
          "attributes": {
            "cidr_blocks": [],
            "description": "Allow pods running extension API servers on port 443 to receive communication from cluster control plane.",
            "from_port": 443,
            "id": "sgrule-562210940",
            "ipv6_cidr_blocks": [],
            "prefix_list_ids": [],
            "protocol": "tcp",
            "security_group_id": "sg-078dbf22de8d900ae",
            "self": false,
            "source_security_group_id": "sg-00f0ba6ee5ed744f6",
            "to_port": 443,
            "type": "ingress"
          },
          "sensitive_attributes": [],
          "private": "eyJzY2hlbWFfdmVyc2lvbiI6IjIifQ==",
          "dependencies": [
            "module.eks.aws_security_group.cluster",
            "module.eks.aws_security_group.workers",
            "module.vpc.aws_vpc.this",
            "random_string.suffix"
          ],
          "create_before_destroy": true
        }
      ]
    },
    {
      "module": "module.eks",
      "mode": "managed",
      "type": "aws_security_group_rule",
      "name": "workers_ingress_self",
      "provider": "provider[\"registry.terraform.io/hashicorp/aws\"]",
      "instances": [
        {
          "index_key": 0,
          "schema_version": 2,
          "attributes": {
            "cidr_blocks": [],
            "description": "Allow node to communicate with each other.",
            "from_port": 0,
            "id": "sgrule-1850336475",
            "ipv6_cidr_blocks": [],
            "prefix_list_ids": [],
            "protocol": "-1",
            "security_group_id": "sg-078dbf22de8d900ae",
            "self": false,
            "source_security_group_id": "sg-078dbf22de8d900ae",
            "to_port": 0,
            "type": "ingress"
          },
          "sensitive_attributes": [],
          "private": "eyJzY2hlbWFfdmVyc2lvbiI6IjIifQ==",
          "dependencies": [
            "module.eks.aws_security_group.workers",
            "module.vpc.aws_vpc.this",
            "random_string.suffix"
          ],
          "create_before_destroy": true
        }
      ]
    },
    {
      "module": "module.eks",
      "mode": "managed",
      "type": "kubernetes_config_map",
      "name": "aws_auth",
      "provider": "provider[\"registry.terraform.io/hashicorp/kubernetes\"]",
      "instances": [
        {
          "index_key": 0,
          "schema_version": 0,
          "attributes": {
            "binary_data": {},
            "data": {
              "mapAccounts": "[]\n",
              "mapRoles": "- \"groups\":\n  - \"system:bootstrappers\"\n  - \"system:nodes\"\n  \"rolearn\": \"arn:aws:iam::923820784277:role/example-cluster-M4efIXz02022051707295507850000000e\"\n  \"username\": \"system:node:{{EC2PrivateDNSName}}\"\n",
              "mapUsers": "[]\n"
            },
            "id": "kube-system/aws-auth",
            "metadata": [
              {
                "annotations": {},
                "generate_name": "",
                "generation": 0,
                "labels": {
                  "app.kubernetes.io/managed-by": "Terraform",
                  "terraform.io/module": "terraform-aws-modules.eks.aws"
                },
                "name": "aws-auth",
                "namespace": "kube-system",
                "resource_version": "883",
                "uid": "718bf637-f98a-468d-b51c-b7a914d2b625"
              }
            ]
          },
          "sensitive_attributes": [],
          "private": "bnVsbA==",
          "dependencies": [
            "aws_security_group.worker_group_mgmt_one",
            "aws_security_group.worker_group_mgmt_two",
            "data.aws_availability_zones.available",
            "data.aws_eks_cluster.cluster",
            "data.aws_eks_cluster_auth.cluster",
            "module.eks.aws_cloudwatch_log_group.this",
            "module.eks.aws_eks_cluster.this",
            "module.eks.aws_iam_instance_profile.workers",
            "module.eks.aws_iam_instance_profile.workers_launch_template",
            "module.eks.aws_iam_role.cluster",
            "module.eks.aws_iam_role.workers",
            "module.eks.aws_iam_role_policy_attachment.cluster_AmazonEKSClusterPolicy",
            "module.eks.aws_iam_role_policy_attachment.cluster_AmazonEKSServicePolicy",
            "module.eks.aws_iam_role_policy_attachment.cluster_AmazonEKSVPCResourceControllerPolicy",
            "module.eks.aws_iam_role_policy_attachment.workers_AmazonEC2ContainerRegistryReadOnly",
            "module.eks.aws_iam_role_policy_attachment.workers_AmazonEKSWorkerNodePolicy",
            "module.eks.aws_iam_role_policy_attachment.workers_AmazonEKS_CNI_Policy",
            "module.eks.aws_security_group.cluster",
            "module.eks.aws_security_group.workers",
            "module.eks.aws_security_group_rule.cluster_egress_internet",
            "module.eks.aws_security_group_rule.cluster_https_worker_ingress",
            "module.eks.aws_security_group_rule.cluster_private_access_cidrs_source",
            "module.eks.aws_security_group_rule.cluster_private_access_sg_source",
            "module.eks.data.aws_ami.eks_worker",
            "module.eks.data.aws_ami.eks_worker_windows",
            "module.eks.data.aws_caller_identity.current",
            "module.eks.data.aws_iam_instance_profile.custom_worker_group_iam_instance_profile",
            "module.eks.data.aws_iam_instance_profile.custom_worker_group_launch_template_iam_instance_profile",
            "module.eks.data.aws_iam_policy_document.cluster_assume_role_policy",
            "module.eks.data.aws_iam_policy_document.workers_assume_role_policy",
            "module.eks.data.aws_iam_role.custom_cluster_iam_role",
            "module.eks.data.aws_partition.current",
            "module.eks.data.http.wait_for_cluster",
            "module.eks.module.fargate.aws_iam_role.eks_fargate_pod",
            "module.eks.module.fargate.data.aws_iam_policy_document.eks_fargate_pod_assume_role",
            "module.eks.module.fargate.data.aws_iam_role.custom_fargate_iam_role",
            "module.vpc.aws_subnet.private",
            "module.vpc.aws_vpc.this",
            "module.vpc.aws_vpc_ipv4_cidr_block_association.this",
            "random_string.suffix"
          ]
        }
      ]
    },
    {
      "module": "module.eks",
      "mode": "managed",
      "type": "local_file",
      "name": "kubeconfig",
      "provider": "provider[\"registry.terraform.io/hashicorp/local\"]",
      "instances": [
        {
          "index_key": 0,
          "schema_version": 0,
          "attributes": {
            "content": "apiVersion: v1\npreferences: {}\nkind: Config\n\nclusters:\n- cluster:\n    server: https://713226CBE653901864CBF870E4BB5EEE.yl4.eu-south-1.eks.amazonaws.com\n    certificate-authority-data: LS0tLS1CRUdJTiBDRVJUSUZJQ0FURS0tLS0tCk1JSUMvakNDQWVhZ0F3SUJBZ0lCQURBTkJna3Foa2lHOXcwQkFRc0ZBREFWTVJNd0VRWURWUVFERXdwcmRXSmwKY201bGRHVnpNQjRYRFRJeU1EVXhOekEzTWpZeE5Gb1hEVE15TURVeE5EQTNNall4TkZvd0ZURVRNQkVHQTFVRQpBeE1LYTNWaVpYSnVaWFJsY3pDQ0FTSXdEUVlKS29aSWh2Y05BUUVCQlFBRGdnRVBBRENDQVFvQ2dnRUJBTGJFCjJhYmMzcDh0VlBNUjBqbUE3Vzlkbng3aUtkTURnbkNNSCt3K0c2U09ZTGxmYzBHWGU0cGVQRE5xV1dGNXFzR0IKbGVYL2tMWithdW1mZnFvelBIYTVGc0VwY3dYUjZQUS9CczRuelRMMDFsdlQzWDhPdWc4VVBqWExvUFIyZjRFeApidG1sWlNrOUZhdDBRT0lJYWtBRFdEMWhCTzZRaGRGUlVnVlJVWjFMcStYanlWaWFhVFg2eWFvVWZCOFpROGRzCmIwaWRCc0g1RzhXT1c4Z2dBQklCckdRMDVaeXA4ZUQyUDQ0eHpiakpZOWhqY0NHaTF2elpXekJHemZVZ3lSaUcKYzZCWjZLdjBmT3ZDRGFPV0JmOUZmK0F6T1NnaGo2MkVFZEd3WnEwUUhPTERlNXpGUGg0YmtKaXBNczNrVDVCSwpoSWtaUlNlUFpiS1AxMWFJUzk4Q0F3RUFBYU5aTUZjd0RnWURWUjBQQVFIL0JBUURBZ0trTUE4R0ExVWRFd0VCCi93UUZNQU1CQWY4d0hRWURWUjBPQkJZRUZGcXIvR2ZNMjBLUWc0blV1ZjN3cGduYTZpYlFNQlVHQTFVZEVRUU8KTUF5Q0NtdDFZbVZ5Ym1WMFpYTXdEUVlKS29aSWh2Y05BUUVMQlFBRGdnRUJBR3ZuVUxES29GNFg3bDNmUHBDagp6aFVSTXVLQUN6ZkZzVWg1SjQrSXp6TkNRZzFaTkNqVUtkM3A3aW9VWEhZOHBKRUkrUW8zRVFudDNRNGlQRU80CjdKMERBUWlnb3hudUIwUFd5dFgxMUNKb3o5Z0V3SjByUjJJK2JzQnAzVVlxbUs2blhSaXJLUW9yaUYxTkphWmgKbEZlWUdRcm9sZndsRmx3dVNKQVd0dkp6YlB0YW51RExEcmdaa0cyTCtpMzJJakxZVE9iYjJEalBxL3ozdm1Ibwp5RFJ1Zzg0ellkTGFpb05kRytIS1h3cFdISXJCV3pJNjBER2tvanUrVzhqUjJnQVlzS0dEZkZma2g3cFVNam4xCmEwUkxtWUJpOGhPRDNnY1U5MEJSZlBaQ0luTjAwUCt3cWRWd0sxS3BJY0paRzdrbmNBNSs1SGlNazBnR28wZUwKR0lnPQotLS0tLUVORCBDRVJUSUZJQ0FURS0tLS0tCg==\n  name: eks_example-cluster-M4efIXz0\n\ncontexts:\n- context:\n    cluster: eks_example-cluster-M4efIXz0\n    user: eks_example-cluster-M4efIXz0\n  name: eks_example-cluster-M4efIXz0\n\ncurrent-context: eks_example-cluster-M4efIXz0\n\nusers:\n- name: eks_example-cluster-M4efIXz0\n  user:\n    exec:\n      apiVersion: client.authentication.k8s.io/v1alpha1\n      command: aws-iam-authenticator\n      args:\n        - \"token\"\n        - \"-i\"\n        - \"example-cluster-M4efIXz0\"\n",
            "content_base64": null,
            "directory_permission": "0755",
            "file_permission": "0600",
            "filename": "./kubeconfig_example-cluster-M4efIXz0",
            "id": "571f2afcdc2895c9031eb6aa237d625e1f2eafe5",
            "sensitive_content": null,
            "source": null
          },
          "sensitive_attributes": [],
          "private": "bnVsbA==",
          "dependencies": [
            "data.aws_availability_zones.available",
            "module.eks.aws_cloudwatch_log_group.this",
            "module.eks.aws_eks_cluster.this",
            "module.eks.aws_iam_role.cluster",
            "module.eks.aws_iam_role_policy_attachment.cluster_AmazonEKSClusterPolicy",
            "module.eks.aws_iam_role_policy_attachment.cluster_AmazonEKSServicePolicy",
            "module.eks.aws_iam_role_policy_attachment.cluster_AmazonEKSVPCResourceControllerPolicy",
            "module.eks.aws_security_group.cluster",
            "module.eks.aws_security_group.workers",
            "module.eks.aws_security_group_rule.cluster_egress_internet",
            "module.eks.aws_security_group_rule.cluster_https_worker_ingress",
            "module.eks.data.aws_iam_policy_document.cluster_assume_role_policy",
            "module.eks.data.aws_iam_role.custom_cluster_iam_role",
            "module.eks.data.aws_partition.current",
            "module.vpc.aws_subnet.private",
            "module.vpc.aws_vpc.this",
            "module.vpc.aws_vpc_ipv4_cidr_block_association.this",
            "random_string.suffix"
          ]
        }
      ]
    },
    {
      "module": "module.eks.module.fargate",
      "mode": "data",
      "type": "aws_partition",
      "name": "current",
      "provider": "provider[\"registry.terraform.io/hashicorp/aws\"]",
      "instances": [
        {
          "schema_version": 0,
          "attributes": {
            "dns_suffix": "amazonaws.com",
            "id": "aws",
            "partition": "aws",
            "reverse_dns_prefix": "com.amazonaws"
          },
          "sensitive_attributes": []
        }
      ]
    },
    {
      "module": "module.vpc",
      "mode": "managed",
      "type": "aws_eip",
      "name": "nat",
      "provider": "provider[\"registry.terraform.io/hashicorp/aws\"]",
      "instances": [
        {
          "index_key": 0,
          "schema_version": 0,
          "attributes": {
            "address": null,
            "allocation_id": "eipalloc-04eb31dab1b7731b9",
            "associate_with_private_ip": null,
            "association_id": "eipassoc-0bdde6718d67ee816",
            "carrier_ip": "",
            "customer_owned_ip": "",
            "customer_owned_ipv4_pool": "",
            "domain": "vpc",
            "id": "eipalloc-04eb31dab1b7731b9",
            "instance": "",
            "network_border_group": "eu-south-1",
            "network_interface": "eni-054c306b0b1861b05",
            "private_dns": "ip-10-0-4-135.eu-south-1.compute.internal",
            "private_ip": "10.0.4.135",
            "public_dns": "ec2-15-161-33-81.eu-south-1.compute.amazonaws.com",
            "public_ip": "15.161.33.81",
            "public_ipv4_pool": "amazon",
            "tags": {
              "Name": "example-cluster-vpc-eu-south-1a",
              "kubernetes.io/cluster/example-cluster-M4efIXz0": "shared"
            },
            "tags_all": {
              "Name": "example-cluster-vpc-eu-south-1a",
              "kubernetes.io/cluster/example-cluster-M4efIXz0": "shared"
            },
            "timeouts": null,
            "vpc": true
          },
          "sensitive_attributes": [],
          "private": "eyJlMmJmYjczMC1lY2FhLTExZTYtOGY4OC0zNDM2M2JjN2M0YzAiOnsiZGVsZXRlIjoxODAwMDAwMDAwMDAsInJlYWQiOjkwMDAwMDAwMDAwMCwidXBkYXRlIjozMDAwMDAwMDAwMDB9fQ==",
          "dependencies": [
            "data.aws_availability_zones.available",
            "random_string.suffix"
          ]
        }
      ]
    },
    {
      "module": "module.vpc",
      "mode": "managed",
      "type": "aws_internet_gateway",
      "name": "this",
      "provider": "provider[\"registry.terraform.io/hashicorp/aws\"]",
      "instances": [
        {
          "index_key": 0,
          "schema_version": 0,
          "attributes": {
            "arn": "arn:aws:ec2:eu-south-1:923820784277:internet-gateway/igw-0b965b38c13d47486",
            "id": "igw-0b965b38c13d47486",
            "owner_id": "923820784277",
            "tags": {
              "Name": "example-cluster-vpc",
              "kubernetes.io/cluster/example-cluster-M4efIXz0": "shared"
            },
            "tags_all": {
              "Name": "example-cluster-vpc",
              "kubernetes.io/cluster/example-cluster-M4efIXz0": "shared"
            },
            "vpc_id": "vpc-065f0f082ab13a682"
          },
          "sensitive_attributes": [],
          "private": "bnVsbA==",
          "dependencies": [
            "module.vpc.aws_vpc.this",
            "module.vpc.aws_vpc_ipv4_cidr_block_association.this",
            "random_string.suffix"
          ]
        }
      ]
    },
    {
      "module": "module.vpc",
      "mode": "managed",
      "type": "aws_nat_gateway",
      "name": "this",
      "provider": "provider[\"registry.terraform.io/hashicorp/aws\"]",
      "instances": [
        {
          "index_key": 0,
          "schema_version": 0,
          "attributes": {
            "allocation_id": "eipalloc-04eb31dab1b7731b9",
            "connectivity_type": "public",
            "id": "nat-003303b19dcd68cbe",
            "network_interface_id": "eni-054c306b0b1861b05",
            "private_ip": "10.0.4.135",
            "public_ip": "15.161.33.81",
            "subnet_id": "subnet-0f31bd5c4dfe54631",
            "tags": {
              "Name": "example-cluster-vpc-eu-south-1a",
              "kubernetes.io/cluster/example-cluster-M4efIXz0": "shared"
            },
            "tags_all": {
              "Name": "example-cluster-vpc-eu-south-1a",
              "kubernetes.io/cluster/example-cluster-M4efIXz0": "shared"
            }
          },
          "sensitive_attributes": [],
          "private": "bnVsbA==",
          "dependencies": [
            "data.aws_availability_zones.available",
            "module.vpc.aws_eip.nat",
            "module.vpc.aws_internet_gateway.this",
            "module.vpc.aws_subnet.public",
            "module.vpc.aws_vpc.this",
            "module.vpc.aws_vpc_ipv4_cidr_block_association.this",
            "random_string.suffix"
          ]
        }
      ]
    },
    {
      "module": "module.vpc",
      "mode": "managed",
      "type": "aws_route",
      "name": "private_nat_gateway",
      "provider": "provider[\"registry.terraform.io/hashicorp/aws\"]",
      "instances": [
        {
          "index_key": 0,
          "schema_version": 0,
          "attributes": {
            "carrier_gateway_id": "",
            "core_network_arn": "",
            "destination_cidr_block": "0.0.0.0/0",
            "destination_ipv6_cidr_block": "",
            "destination_prefix_list_id": "",
            "egress_only_gateway_id": "",
            "gateway_id": "",
            "id": "r-rtb-0fbbbc839c74deb971080289494",
            "instance_id": "",
            "instance_owner_id": "",
            "local_gateway_id": "",
            "nat_gateway_id": "nat-003303b19dcd68cbe",
            "network_interface_id": "",
            "origin": "CreateRoute",
            "route_table_id": "rtb-0fbbbc839c74deb97",
            "state": "active",
            "timeouts": {
              "create": "5m",
              "delete": null,
              "update": null
            },
            "transit_gateway_id": "",
            "vpc_endpoint_id": "",
            "vpc_peering_connection_id": ""
          },
          "sensitive_attributes": [],
          "private": "eyJlMmJmYjczMC1lY2FhLTExZTYtOGY4OC0zNDM2M2JjN2M0YzAiOnsiY3JlYXRlIjozMDAwMDAwMDAwMDAsImRlbGV0ZSI6MzAwMDAwMDAwMDAwLCJ1cGRhdGUiOjEyMDAwMDAwMDAwMH19",
          "dependencies": [
            "data.aws_availability_zones.available",
            "module.vpc.aws_eip.nat",
            "module.vpc.aws_internet_gateway.this",
            "module.vpc.aws_nat_gateway.this",
            "module.vpc.aws_route_table.private",
            "module.vpc.aws_subnet.public",
            "module.vpc.aws_vpc.this",
            "module.vpc.aws_vpc_ipv4_cidr_block_association.this",
            "random_string.suffix"
          ]
        }
      ]
    },
    {
      "module": "module.vpc",
      "mode": "managed",
      "type": "aws_route",
      "name": "public_internet_gateway",
      "provider": "provider[\"registry.terraform.io/hashicorp/aws\"]",
      "instances": [
        {
          "index_key": 0,
          "schema_version": 0,
          "attributes": {
            "carrier_gateway_id": "",
            "core_network_arn": "",
            "destination_cidr_block": "0.0.0.0/0",
            "destination_ipv6_cidr_block": "",
            "destination_prefix_list_id": "",
            "egress_only_gateway_id": "",
            "gateway_id": "igw-0b965b38c13d47486",
            "id": "r-rtb-028cb971d35c2f25c1080289494",
            "instance_id": "",
            "instance_owner_id": "",
            "local_gateway_id": "",
            "nat_gateway_id": "",
            "network_interface_id": "",
            "origin": "CreateRoute",
            "route_table_id": "rtb-028cb971d35c2f25c",
            "state": "active",
            "timeouts": {
              "create": "5m",
              "delete": null,
              "update": null
            },
            "transit_gateway_id": "",
            "vpc_endpoint_id": "",
            "vpc_peering_connection_id": ""
          },
          "sensitive_attributes": [],
          "private": "eyJlMmJmYjczMC1lY2FhLTExZTYtOGY4OC0zNDM2M2JjN2M0YzAiOnsiY3JlYXRlIjozMDAwMDAwMDAwMDAsImRlbGV0ZSI6MzAwMDAwMDAwMDAwLCJ1cGRhdGUiOjEyMDAwMDAwMDAwMH19",
          "dependencies": [
            "module.vpc.aws_internet_gateway.this",
            "module.vpc.aws_route_table.public",
            "module.vpc.aws_vpc.this",
            "module.vpc.aws_vpc_ipv4_cidr_block_association.this",
            "random_string.suffix"
          ]
        }
      ]
    },
    {
      "module": "module.vpc",
      "mode": "managed",
      "type": "aws_route_table",
      "name": "private",
      "provider": "provider[\"registry.terraform.io/hashicorp/aws\"]",
      "instances": [
        {
          "index_key": 0,
          "schema_version": 0,
          "attributes": {
            "arn": "arn:aws:ec2:eu-south-1:923820784277:route-table/rtb-0fbbbc839c74deb97",
            "id": "rtb-0fbbbc839c74deb97",
            "owner_id": "923820784277",
            "propagating_vgws": [],
            "route": [
              {
                "carrier_gateway_id": "",
                "cidr_block": "0.0.0.0/0",
                "core_network_arn": "",
                "destination_prefix_list_id": "",
                "egress_only_gateway_id": "",
                "gateway_id": "",
                "instance_id": "",
                "ipv6_cidr_block": "",
                "local_gateway_id": "",
                "nat_gateway_id": "nat-003303b19dcd68cbe",
                "network_interface_id": "",
                "transit_gateway_id": "",
                "vpc_endpoint_id": "",
                "vpc_peering_connection_id": ""
              }
            ],
            "tags": {
              "Name": "example-cluster-vpc-private",
              "kubernetes.io/cluster/example-cluster-M4efIXz0": "shared"
            },
            "tags_all": {
              "Name": "example-cluster-vpc-private",
              "kubernetes.io/cluster/example-cluster-M4efIXz0": "shared"
            },
            "timeouts": null,
            "vpc_id": "vpc-065f0f082ab13a682"
          },
          "sensitive_attributes": [],
          "private": "eyJlMmJmYjczMC1lY2FhLTExZTYtOGY4OC0zNDM2M2JjN2M0YzAiOnsiY3JlYXRlIjozMDAwMDAwMDAwMDAsImRlbGV0ZSI6MzAwMDAwMDAwMDAwLCJ1cGRhdGUiOjEyMDAwMDAwMDAwMH19",
          "dependencies": [
            "data.aws_availability_zones.available",
            "module.vpc.aws_vpc.this",
            "module.vpc.aws_vpc_ipv4_cidr_block_association.this",
            "random_string.suffix"
          ]
        }
      ]
    },
    {
      "module": "module.vpc",
      "mode": "managed",
      "type": "aws_route_table",
      "name": "public",
      "provider": "provider[\"registry.terraform.io/hashicorp/aws\"]",
      "instances": [
        {
          "index_key": 0,
          "schema_version": 0,
          "attributes": {
            "arn": "arn:aws:ec2:eu-south-1:923820784277:route-table/rtb-028cb971d35c2f25c",
            "id": "rtb-028cb971d35c2f25c",
            "owner_id": "923820784277",
            "propagating_vgws": [],
            "route": [
              {
                "carrier_gateway_id": "",
                "cidr_block": "0.0.0.0/0",
                "core_network_arn": "",
                "destination_prefix_list_id": "",
                "egress_only_gateway_id": "",
                "gateway_id": "igw-0b965b38c13d47486",
                "instance_id": "",
                "ipv6_cidr_block": "",
                "local_gateway_id": "",
                "nat_gateway_id": "",
                "network_interface_id": "",
                "transit_gateway_id": "",
                "vpc_endpoint_id": "",
                "vpc_peering_connection_id": ""
              }
            ],
            "tags": {
              "Name": "example-cluster-vpc-public",
              "kubernetes.io/cluster/example-cluster-M4efIXz0": "shared"
            },
            "tags_all": {
              "Name": "example-cluster-vpc-public",
              "kubernetes.io/cluster/example-cluster-M4efIXz0": "shared"
            },
            "timeouts": null,
            "vpc_id": "vpc-065f0f082ab13a682"
          },
          "sensitive_attributes": [],
          "private": "eyJlMmJmYjczMC1lY2FhLTExZTYtOGY4OC0zNDM2M2JjN2M0YzAiOnsiY3JlYXRlIjozMDAwMDAwMDAwMDAsImRlbGV0ZSI6MzAwMDAwMDAwMDAwLCJ1cGRhdGUiOjEyMDAwMDAwMDAwMH19",
          "dependencies": [
            "module.vpc.aws_vpc.this",
            "module.vpc.aws_vpc_ipv4_cidr_block_association.this",
            "random_string.suffix"
          ]
        }
      ]
    },
    {
      "module": "module.vpc",
      "mode": "managed",
      "type": "aws_route_table_association",
      "name": "private",
      "provider": "provider[\"registry.terraform.io/hashicorp/aws\"]",
      "instances": [
        {
          "index_key": 0,
          "schema_version": 0,
          "attributes": {
            "gateway_id": "",
            "id": "rtbassoc-096295f270abdad64",
            "route_table_id": "rtb-0fbbbc839c74deb97",
            "subnet_id": "subnet-04a0665e8908ffe85"
          },
          "sensitive_attributes": [],
          "private": "bnVsbA==",
          "dependencies": [
            "data.aws_availability_zones.available",
            "module.vpc.aws_route_table.private",
            "module.vpc.aws_subnet.private",
            "module.vpc.aws_vpc.this",
            "module.vpc.aws_vpc_ipv4_cidr_block_association.this",
            "random_string.suffix"
          ]
        },
        {
          "index_key": 1,
          "schema_version": 0,
          "attributes": {
            "gateway_id": "",
            "id": "rtbassoc-07823da98c7b82e2c",
            "route_table_id": "rtb-0fbbbc839c74deb97",
            "subnet_id": "subnet-09429771bdc21ca3f"
          },
          "sensitive_attributes": [],
          "private": "bnVsbA==",
          "dependencies": [
            "data.aws_availability_zones.available",
            "module.vpc.aws_route_table.private",
            "module.vpc.aws_subnet.private",
            "module.vpc.aws_vpc.this",
            "module.vpc.aws_vpc_ipv4_cidr_block_association.this",
            "random_string.suffix"
          ]
        },
        {
          "index_key": 2,
          "schema_version": 0,
          "attributes": {
            "gateway_id": "",
            "id": "rtbassoc-000b172a3c53bc011",
            "route_table_id": "rtb-0fbbbc839c74deb97",
            "subnet_id": "subnet-064e7475d70d8a445"
          },
          "sensitive_attributes": [],
          "private": "bnVsbA==",
          "dependencies": [
            "data.aws_availability_zones.available",
            "module.vpc.aws_route_table.private",
            "module.vpc.aws_subnet.private",
            "module.vpc.aws_vpc.this",
            "module.vpc.aws_vpc_ipv4_cidr_block_association.this",
            "random_string.suffix"
          ]
        }
      ]
    },
    {
      "module": "module.vpc",
      "mode": "managed",
      "type": "aws_route_table_association",
      "name": "public",
      "provider": "provider[\"registry.terraform.io/hashicorp/aws\"]",
      "instances": [
        {
          "index_key": 0,
          "schema_version": 0,
          "attributes": {
            "gateway_id": "",
            "id": "rtbassoc-092259d3e61507eeb",
            "route_table_id": "rtb-028cb971d35c2f25c",
            "subnet_id": "subnet-0f31bd5c4dfe54631"
          },
          "sensitive_attributes": [],
          "private": "bnVsbA==",
          "dependencies": [
            "data.aws_availability_zones.available",
            "module.vpc.aws_route_table.public",
            "module.vpc.aws_subnet.public",
            "module.vpc.aws_vpc.this",
            "module.vpc.aws_vpc_ipv4_cidr_block_association.this",
            "random_string.suffix"
          ]
        },
        {
          "index_key": 1,
          "schema_version": 0,
          "attributes": {
            "gateway_id": "",
            "id": "rtbassoc-067e263dbee905fef",
            "route_table_id": "rtb-028cb971d35c2f25c",
            "subnet_id": "subnet-0f10c557c29b55bed"
          },
          "sensitive_attributes": [],
          "private": "bnVsbA==",
          "dependencies": [
            "data.aws_availability_zones.available",
            "module.vpc.aws_route_table.public",
            "module.vpc.aws_subnet.public",
            "module.vpc.aws_vpc.this",
            "module.vpc.aws_vpc_ipv4_cidr_block_association.this",
            "random_string.suffix"
          ]
        },
        {
          "index_key": 2,
          "schema_version": 0,
          "attributes": {
            "gateway_id": "",
            "id": "rtbassoc-03938408299c26e99",
            "route_table_id": "rtb-028cb971d35c2f25c",
            "subnet_id": "subnet-0bb56c4b318dbb815"
          },
          "sensitive_attributes": [],
          "private": "bnVsbA==",
          "dependencies": [
            "data.aws_availability_zones.available",
            "module.vpc.aws_route_table.public",
            "module.vpc.aws_subnet.public",
            "module.vpc.aws_vpc.this",
            "module.vpc.aws_vpc_ipv4_cidr_block_association.this",
            "random_string.suffix"
          ]
        }
      ]
    },
    {
      "module": "module.vpc",
      "mode": "managed",
      "type": "aws_subnet",
      "name": "private",
      "provider": "provider[\"registry.terraform.io/hashicorp/aws\"]",
      "instances": [
        {
          "index_key": 0,
          "schema_version": 1,
          "attributes": {
            "arn": "arn:aws:ec2:eu-south-1:923820784277:subnet/subnet-04a0665e8908ffe85",
            "assign_ipv6_address_on_creation": false,
            "availability_zone": "eu-south-1a",
            "availability_zone_id": "eus1-az1",
            "cidr_block": "10.0.1.0/24",
            "customer_owned_ipv4_pool": "",
            "enable_dns64": false,
            "enable_resource_name_dns_a_record_on_launch": false,
            "enable_resource_name_dns_aaaa_record_on_launch": false,
            "id": "subnet-04a0665e8908ffe85",
            "ipv6_cidr_block": "",
            "ipv6_cidr_block_association_id": "",
            "ipv6_native": false,
            "map_customer_owned_ip_on_launch": false,
            "map_public_ip_on_launch": false,
            "outpost_arn": "",
            "owner_id": "923820784277",
            "private_dns_hostname_type_on_launch": "ip-name",
            "tags": {
              "Name": "example-cluster-vpc-private-eu-south-1a",
              "kubernetes.io/cluster/example-cluster-M4efIXz0": "shared",
              "kubernetes.io/role/internal-elb": "1"
            },
            "tags_all": {
              "Name": "example-cluster-vpc-private-eu-south-1a",
              "kubernetes.io/cluster/example-cluster-M4efIXz0": "shared",
              "kubernetes.io/role/internal-elb": "1"
            },
            "timeouts": null,
            "vpc_id": "vpc-065f0f082ab13a682"
          },
          "sensitive_attributes": [],
          "private": "eyJlMmJmYjczMC1lY2FhLTExZTYtOGY4OC0zNDM2M2JjN2M0YzAiOnsiY3JlYXRlIjo2MDAwMDAwMDAwMDAsImRlbGV0ZSI6MTIwMDAwMDAwMDAwMH0sInNjaGVtYV92ZXJzaW9uIjoiMSJ9",
          "dependencies": [
            "data.aws_availability_zones.available",
            "module.vpc.aws_vpc.this",
            "module.vpc.aws_vpc_ipv4_cidr_block_association.this",
            "random_string.suffix"
          ],
          "create_before_destroy": true
        },
        {
          "index_key": 1,
          "schema_version": 1,
          "attributes": {
            "arn": "arn:aws:ec2:eu-south-1:923820784277:subnet/subnet-09429771bdc21ca3f",
            "assign_ipv6_address_on_creation": false,
            "availability_zone": "eu-south-1b",
            "availability_zone_id": "eus1-az2",
            "cidr_block": "10.0.2.0/24",
            "customer_owned_ipv4_pool": "",
            "enable_dns64": false,
            "enable_resource_name_dns_a_record_on_launch": false,
            "enable_resource_name_dns_aaaa_record_on_launch": false,
            "id": "subnet-09429771bdc21ca3f",
            "ipv6_cidr_block": "",
            "ipv6_cidr_block_association_id": "",
            "ipv6_native": false,
            "map_customer_owned_ip_on_launch": false,
            "map_public_ip_on_launch": false,
            "outpost_arn": "",
            "owner_id": "923820784277",
            "private_dns_hostname_type_on_launch": "ip-name",
            "tags": {
              "Name": "example-cluster-vpc-private-eu-south-1b",
              "kubernetes.io/cluster/example-cluster-M4efIXz0": "shared",
              "kubernetes.io/role/internal-elb": "1"
            },
            "tags_all": {
              "Name": "example-cluster-vpc-private-eu-south-1b",
              "kubernetes.io/cluster/example-cluster-M4efIXz0": "shared",
              "kubernetes.io/role/internal-elb": "1"
            },
            "timeouts": null,
            "vpc_id": "vpc-065f0f082ab13a682"
          },
          "sensitive_attributes": [],
          "private": "eyJlMmJmYjczMC1lY2FhLTExZTYtOGY4OC0zNDM2M2JjN2M0YzAiOnsiY3JlYXRlIjo2MDAwMDAwMDAwMDAsImRlbGV0ZSI6MTIwMDAwMDAwMDAwMH0sInNjaGVtYV92ZXJzaW9uIjoiMSJ9",
          "dependencies": [
            "data.aws_availability_zones.available",
            "module.vpc.aws_vpc.this",
            "module.vpc.aws_vpc_ipv4_cidr_block_association.this",
            "random_string.suffix"
          ],
          "create_before_destroy": true
        },
        {
          "index_key": 2,
          "schema_version": 1,
          "attributes": {
            "arn": "arn:aws:ec2:eu-south-1:923820784277:subnet/subnet-064e7475d70d8a445",
            "assign_ipv6_address_on_creation": false,
            "availability_zone": "eu-south-1c",
            "availability_zone_id": "eus1-az3",
            "cidr_block": "10.0.3.0/24",
            "customer_owned_ipv4_pool": "",
            "enable_dns64": false,
            "enable_resource_name_dns_a_record_on_launch": false,
            "enable_resource_name_dns_aaaa_record_on_launch": false,
            "id": "subnet-064e7475d70d8a445",
            "ipv6_cidr_block": "",
            "ipv6_cidr_block_association_id": "",
            "ipv6_native": false,
            "map_customer_owned_ip_on_launch": false,
            "map_public_ip_on_launch": false,
            "outpost_arn": "",
            "owner_id": "923820784277",
            "private_dns_hostname_type_on_launch": "ip-name",
            "tags": {
              "Name": "example-cluster-vpc-private-eu-south-1c",
              "kubernetes.io/cluster/example-cluster-M4efIXz0": "shared",
              "kubernetes.io/role/internal-elb": "1"
            },
            "tags_all": {
              "Name": "example-cluster-vpc-private-eu-south-1c",
              "kubernetes.io/cluster/example-cluster-M4efIXz0": "shared",
              "kubernetes.io/role/internal-elb": "1"
            },
            "timeouts": null,
            "vpc_id": "vpc-065f0f082ab13a682"
          },
          "sensitive_attributes": [],
          "private": "eyJlMmJmYjczMC1lY2FhLTExZTYtOGY4OC0zNDM2M2JjN2M0YzAiOnsiY3JlYXRlIjo2MDAwMDAwMDAwMDAsImRlbGV0ZSI6MTIwMDAwMDAwMDAwMH0sInNjaGVtYV92ZXJzaW9uIjoiMSJ9",
          "dependencies": [
            "data.aws_availability_zones.available",
            "module.vpc.aws_vpc.this",
            "module.vpc.aws_vpc_ipv4_cidr_block_association.this",
            "random_string.suffix"
          ],
          "create_before_destroy": true
        }
      ]
    },
    {
      "module": "module.vpc",
      "mode": "managed",
      "type": "aws_subnet",
      "name": "public",
      "provider": "provider[\"registry.terraform.io/hashicorp/aws\"]",
      "instances": [
        {
          "index_key": 0,
          "schema_version": 1,
          "attributes": {
            "arn": "arn:aws:ec2:eu-south-1:923820784277:subnet/subnet-0f31bd5c4dfe54631",
            "assign_ipv6_address_on_creation": false,
            "availability_zone": "eu-south-1a",
            "availability_zone_id": "eus1-az1",
            "cidr_block": "10.0.4.0/24",
            "customer_owned_ipv4_pool": "",
            "enable_dns64": false,
            "enable_resource_name_dns_a_record_on_launch": false,
            "enable_resource_name_dns_aaaa_record_on_launch": false,
            "id": "subnet-0f31bd5c4dfe54631",
            "ipv6_cidr_block": "",
            "ipv6_cidr_block_association_id": "",
            "ipv6_native": false,
            "map_customer_owned_ip_on_launch": false,
            "map_public_ip_on_launch": true,
            "outpost_arn": "",
            "owner_id": "923820784277",
            "private_dns_hostname_type_on_launch": "ip-name",
            "tags": {
              "Name": "example-cluster-vpc-public-eu-south-1a",
              "kubernetes.io/cluster/example-cluster-M4efIXz0": "shared",
              "kubernetes.io/role/elb": "1"
            },
            "tags_all": {
              "Name": "example-cluster-vpc-public-eu-south-1a",
              "kubernetes.io/cluster/example-cluster-M4efIXz0": "shared",
              "kubernetes.io/role/elb": "1"
            },
            "timeouts": null,
            "vpc_id": "vpc-065f0f082ab13a682"
          },
          "sensitive_attributes": [],
          "private": "eyJlMmJmYjczMC1lY2FhLTExZTYtOGY4OC0zNDM2M2JjN2M0YzAiOnsiY3JlYXRlIjo2MDAwMDAwMDAwMDAsImRlbGV0ZSI6MTIwMDAwMDAwMDAwMH0sInNjaGVtYV92ZXJzaW9uIjoiMSJ9",
          "dependencies": [
            "data.aws_availability_zones.available",
            "module.vpc.aws_vpc.this",
            "module.vpc.aws_vpc_ipv4_cidr_block_association.this",
            "random_string.suffix"
          ]
        },
        {
          "index_key": 1,
          "schema_version": 1,
          "attributes": {
            "arn": "arn:aws:ec2:eu-south-1:923820784277:subnet/subnet-0f10c557c29b55bed",
            "assign_ipv6_address_on_creation": false,
            "availability_zone": "eu-south-1b",
            "availability_zone_id": "eus1-az2",
            "cidr_block": "10.0.5.0/24",
            "customer_owned_ipv4_pool": "",
            "enable_dns64": false,
            "enable_resource_name_dns_a_record_on_launch": false,
            "enable_resource_name_dns_aaaa_record_on_launch": false,
            "id": "subnet-0f10c557c29b55bed",
            "ipv6_cidr_block": "",
            "ipv6_cidr_block_association_id": "",
            "ipv6_native": false,
            "map_customer_owned_ip_on_launch": false,
            "map_public_ip_on_launch": true,
            "outpost_arn": "",
            "owner_id": "923820784277",
            "private_dns_hostname_type_on_launch": "ip-name",
            "tags": {
              "Name": "example-cluster-vpc-public-eu-south-1b",
              "kubernetes.io/cluster/example-cluster-M4efIXz0": "shared",
              "kubernetes.io/role/elb": "1"
            },
            "tags_all": {
              "Name": "example-cluster-vpc-public-eu-south-1b",
              "kubernetes.io/cluster/example-cluster-M4efIXz0": "shared",
              "kubernetes.io/role/elb": "1"
            },
            "timeouts": null,
            "vpc_id": "vpc-065f0f082ab13a682"
          },
          "sensitive_attributes": [],
          "private": "eyJlMmJmYjczMC1lY2FhLTExZTYtOGY4OC0zNDM2M2JjN2M0YzAiOnsiY3JlYXRlIjo2MDAwMDAwMDAwMDAsImRlbGV0ZSI6MTIwMDAwMDAwMDAwMH0sInNjaGVtYV92ZXJzaW9uIjoiMSJ9",
          "dependencies": [
            "data.aws_availability_zones.available",
            "module.vpc.aws_vpc.this",
            "module.vpc.aws_vpc_ipv4_cidr_block_association.this",
            "random_string.suffix"
          ]
        },
        {
          "index_key": 2,
          "schema_version": 1,
          "attributes": {
            "arn": "arn:aws:ec2:eu-south-1:923820784277:subnet/subnet-0bb56c4b318dbb815",
            "assign_ipv6_address_on_creation": false,
            "availability_zone": "eu-south-1c",
            "availability_zone_id": "eus1-az3",
            "cidr_block": "10.0.6.0/24",
            "customer_owned_ipv4_pool": "",
            "enable_dns64": false,
            "enable_resource_name_dns_a_record_on_launch": false,
            "enable_resource_name_dns_aaaa_record_on_launch": false,
            "id": "subnet-0bb56c4b318dbb815",
            "ipv6_cidr_block": "",
            "ipv6_cidr_block_association_id": "",
            "ipv6_native": false,
            "map_customer_owned_ip_on_launch": false,
            "map_public_ip_on_launch": true,
            "outpost_arn": "",
            "owner_id": "923820784277",
            "private_dns_hostname_type_on_launch": "ip-name",
            "tags": {
              "Name": "example-cluster-vpc-public-eu-south-1c",
              "kubernetes.io/cluster/example-cluster-M4efIXz0": "shared",
              "kubernetes.io/role/elb": "1"
            },
            "tags_all": {
              "Name": "example-cluster-vpc-public-eu-south-1c",
              "kubernetes.io/cluster/example-cluster-M4efIXz0": "shared",
              "kubernetes.io/role/elb": "1"
            },
            "timeouts": null,
            "vpc_id": "vpc-065f0f082ab13a682"
          },
          "sensitive_attributes": [],
          "private": "eyJlMmJmYjczMC1lY2FhLTExZTYtOGY4OC0zNDM2M2JjN2M0YzAiOnsiY3JlYXRlIjo2MDAwMDAwMDAwMDAsImRlbGV0ZSI6MTIwMDAwMDAwMDAwMH0sInNjaGVtYV92ZXJzaW9uIjoiMSJ9",
          "dependencies": [
            "data.aws_availability_zones.available",
            "module.vpc.aws_vpc.this",
            "module.vpc.aws_vpc_ipv4_cidr_block_association.this",
            "random_string.suffix"
          ]
        }
      ]
    },
    {
      "module": "module.vpc",
      "mode": "managed",
      "type": "aws_vpc",
      "name": "this",
      "provider": "provider[\"registry.terraform.io/hashicorp/aws\"]",
      "instances": [
        {
          "index_key": 0,
          "schema_version": 1,
          "attributes": {
            "arn": "arn:aws:ec2:eu-south-1:923820784277:vpc/vpc-065f0f082ab13a682",
            "assign_generated_ipv6_cidr_block": false,
            "cidr_block": "10.0.0.0/16",
            "default_network_acl_id": "acl-0d78861a5016b61a0",
            "default_route_table_id": "rtb-02f180d7ef755f33f",
            "default_security_group_id": "sg-055a9252751b09282",
            "dhcp_options_id": "dopt-0649d1cba86f04889",
            "enable_classiclink": false,
            "enable_classiclink_dns_support": false,
            "enable_dns_hostnames": true,
            "enable_dns_support": true,
            "id": "vpc-065f0f082ab13a682",
            "instance_tenancy": "default",
            "ipv4_ipam_pool_id": null,
            "ipv4_netmask_length": null,
            "ipv6_association_id": "",
            "ipv6_cidr_block": "",
            "ipv6_cidr_block_network_border_group": "",
            "ipv6_ipam_pool_id": "",
            "ipv6_netmask_length": 0,
            "main_route_table_id": "rtb-02f180d7ef755f33f",
            "owner_id": "923820784277",
            "tags": {
              "Name": "example-cluster-vpc",
              "kubernetes.io/cluster/example-cluster-M4efIXz0": "shared"
            },
            "tags_all": {
              "Name": "example-cluster-vpc",
              "kubernetes.io/cluster/example-cluster-M4efIXz0": "shared"
            }
          },
          "sensitive_attributes": [],
          "private": "eyJzY2hlbWFfdmVyc2lvbiI6IjEifQ==",
          "dependencies": ["random_string.suffix"],
          "create_before_destroy": true
        }
      ]
    }
  ]
}
